
Microsoft Visual Studio Solution File, Format Version 12.00
# Visual Studio Version 17
VisualStudioVersion = 17.0.31612.314
MinimumVisualStudioVersion = 10.0.40219.1
Project("{2150E333-8FDC-42A3-9474-1A3956D46DE8}") = "src", "src", "{D455EC79-E1E0-4509-B297-0DA3AED8DFF7}"
EndProject
Project("{9A19103F-16F7-4668-BE54-9A1E7A4F7556}") = "Playground", "src\Playground\Playground.csproj", "{8F2EA767-8746-4816-B6EE-342BCB8F1AAB}"
EndProject
Project("{9A19103F-16F7-4668-BE54-9A1E7A4F7556}") = "Elastic.Transport", "..\elastic-transport-net\src\Elastic.Transport\Elastic.Transport.csproj", "{14E44695-6737-49B2-8AD5-7AA77E4205D2}"
EndProject
Project("{2150E333-8FDC-42A3-9474-1A3956D46DE8}") = "tests", "tests", "{362B2776-4B29-46AB-B237-56776B5372B6}"
EndProject
Project("{9A19103F-16F7-4668-BE54-9A1E7A4F7556}") = "Tests", "tests\Tests\Tests.csproj", "{BDF1ABC2-8C52-4864-B824-B1FA27630E8E}"
EndProject
Project("{9A19103F-16F7-4668-BE54-9A1E7A4F7556}") = "Tests.Core", "tests\Tests.Core\Tests.Core.csproj", "{70225C3F-393A-40F5-A778-8FF71A38C4C0}"
EndProject
Project("{9A19103F-16F7-4668-BE54-9A1E7A4F7556}") = "Tests.Configuration", "tests\Tests.Configuration\Tests.Configuration.csproj", "{587DE66B-6FAB-4722-9C53-2812BEFB6A44}"
EndProject
Project("{9A19103F-16F7-4668-BE54-9A1E7A4F7556}") = "Tests.Domain", "tests\Tests.Domain\Tests.Domain.csproj", "{0B4DCA79-10CC-4CB8-95D3-A4EB8C98BE1C}"
EndProject
Project("{2150E333-8FDC-42A3-9474-1A3956D46DE8}") = "benchmarks", "benchmarks", "{B7B8819B-3197-4AB6-B61B-9E1BFD1EC302}"
EndProject
Project("{9A19103F-16F7-4668-BE54-9A1E7A4F7556}") = "Benchmarks", "benchmarks\Benchmarks\Benchmarks.csproj", "{701DB05B-1F1B-485F-9EDF-0274EED4FF9F}"
EndProject
Project("{9A19103F-16F7-4668-BE54-9A1E7A4F7556}") = "PlaygroundV7x", "src\PlaygroundV7x\PlaygroundV7x.csproj", "{7141AB85-10C5-42AE-8FC7-B14A4216A89F}"
EndProject
Project("{9A19103F-16F7-4668-BE54-9A1E7A4F7556}") = "Profiling", "benchmarks\Profiling\Profiling.csproj", "{5222D7CD-3663-49ED-98EA-4B5ECDF705BF}"
EndProject
Project("{2150E333-8FDC-42A3-9474-1A3956D46DE8}") = "Solution Items", "Solution Items", "{D9FFF81B-26F3-4A26-9605-E3D22382E9A5}"
	ProjectSection(SolutionItems) = preProject
		.dockerignore = .dockerignore
		.editorconfig = .editorconfig
		.gitattributes = .gitattributes
		.gitignore = .gitignore
		build.bat = build.bat
		build.sh = build.sh
		contributing.md = contributing.md
		Directory.Build.props = Directory.Build.props
		Directory.Build.targets = Directory.Build.targets
		dotnet-tools.json = dotnet-tools.json
		global.json = global.json
		issue_template.md = issue_template.md
		license.txt = license.txt
		nuget.config = nuget.config
		readme.md = readme.md
	EndProjectSection
EndProject
Project("{9A19103F-16F7-4668-BE54-9A1E7A4F7556}") = "Elastic.Clients.Elasticsearch", "src\Elastic.Clients.Elasticsearch\Elastic.Clients.Elasticsearch.csproj", "{F8A7E60C-0C48-4D76-AF7F-7881DF5A263D}"
EndProject
Project("{FAE04EC0-301F-11D3-BF4B-00C04F79EFBC}") = "PlaygroundFx", "src\PlaygroundFx\PlaygroundFx.csproj", "{11362CEE-B4B3-4EFE-A9A1-A6CDEEFCEA10}"
EndProject
Global
	GlobalSection(SolutionConfigurationPlatforms) = preSolution
		Debug|Any CPU = Debug|Any CPU
		Debug|x64 = Debug|x64
		Debug|x86 = Debug|x86
		Release|Any CPU = Release|Any CPU
		Release|x64 = Release|x64
		Release|x86 = Release|x86
	EndGlobalSection
	GlobalSection(ProjectConfigurationPlatforms) = postSolution
		{8F2EA767-8746-4816-B6EE-342BCB8F1AAB}.Debug|Any CPU.ActiveCfg = Debug|Any CPU
		{8F2EA767-8746-4816-B6EE-342BCB8F1AAB}.Debug|Any CPU.Build.0 = Debug|Any CPU
		{8F2EA767-8746-4816-B6EE-342BCB8F1AAB}.Debug|x64.ActiveCfg = Debug|Any CPU
		{8F2EA767-8746-4816-B6EE-342BCB8F1AAB}.Debug|x64.Build.0 = Debug|Any CPU
		{8F2EA767-8746-4816-B6EE-342BCB8F1AAB}.Debug|x86.ActiveCfg = Debug|Any CPU
		{8F2EA767-8746-4816-B6EE-342BCB8F1AAB}.Debug|x86.Build.0 = Debug|Any CPU
		{8F2EA767-8746-4816-B6EE-342BCB8F1AAB}.Release|Any CPU.ActiveCfg = Release|Any CPU
		{8F2EA767-8746-4816-B6EE-342BCB8F1AAB}.Release|Any CPU.Build.0 = Release|Any CPU
		{8F2EA767-8746-4816-B6EE-342BCB8F1AAB}.Release|x64.ActiveCfg = Release|Any CPU
		{8F2EA767-8746-4816-B6EE-342BCB8F1AAB}.Release|x64.Build.0 = Release|Any CPU
		{8F2EA767-8746-4816-B6EE-342BCB8F1AAB}.Release|x86.ActiveCfg = Release|Any CPU
		{8F2EA767-8746-4816-B6EE-342BCB8F1AAB}.Release|x86.Build.0 = Release|Any CPU
		{14E44695-6737-49B2-8AD5-7AA77E4205D2}.Debug|Any CPU.ActiveCfg = Debug|Any CPU
		{14E44695-6737-49B2-8AD5-7AA77E4205D2}.Debug|Any CPU.Build.0 = Debug|Any CPU
		{14E44695-6737-49B2-8AD5-7AA77E4205D2}.Debug|x64.ActiveCfg = Debug|Any CPU
		{14E44695-6737-49B2-8AD5-7AA77E4205D2}.Debug|x64.Build.0 = Debug|Any CPU
		{14E44695-6737-49B2-8AD5-7AA77E4205D2}.Debug|x86.ActiveCfg = Debug|Any CPU
		{14E44695-6737-49B2-8AD5-7AA77E4205D2}.Debug|x86.Build.0 = Debug|Any CPU
		{14E44695-6737-49B2-8AD5-7AA77E4205D2}.Release|Any CPU.ActiveCfg = Release|Any CPU
		{14E44695-6737-49B2-8AD5-7AA77E4205D2}.Release|Any CPU.Build.0 = Release|Any CPU
		{14E44695-6737-49B2-8AD5-7AA77E4205D2}.Release|x64.ActiveCfg = Release|Any CPU
		{14E44695-6737-49B2-8AD5-7AA77E4205D2}.Release|x64.Build.0 = Release|Any CPU
		{14E44695-6737-49B2-8AD5-7AA77E4205D2}.Release|x86.ActiveCfg = Release|Any CPU
		{14E44695-6737-49B2-8AD5-7AA77E4205D2}.Release|x86.Build.0 = Release|Any CPU
		{BDF1ABC2-8C52-4864-B824-B1FA27630E8E}.Debug|Any CPU.ActiveCfg = Debug|Any CPU
		{BDF1ABC2-8C52-4864-B824-B1FA27630E8E}.Debug|Any CPU.Build.0 = Debug|Any CPU
		{BDF1ABC2-8C52-4864-B824-B1FA27630E8E}.Debug|x64.ActiveCfg = Debug|Any CPU
		{BDF1ABC2-8C52-4864-B824-B1FA27630E8E}.Debug|x64.Build.0 = Debug|Any CPU
		{BDF1ABC2-8C52-4864-B824-B1FA27630E8E}.Debug|x86.ActiveCfg = Debug|Any CPU
		{BDF1ABC2-8C52-4864-B824-B1FA27630E8E}.Debug|x86.Build.0 = Debug|Any CPU
		{BDF1ABC2-8C52-4864-B824-B1FA27630E8E}.Release|Any CPU.ActiveCfg = Release|Any CPU
		{BDF1ABC2-8C52-4864-B824-B1FA27630E8E}.Release|Any CPU.Build.0 = Release|Any CPU
		{BDF1ABC2-8C52-4864-B824-B1FA27630E8E}.Release|x64.ActiveCfg = Release|Any CPU
		{BDF1ABC2-8C52-4864-B824-B1FA27630E8E}.Release|x64.Build.0 = Release|Any CPU
		{BDF1ABC2-8C52-4864-B824-B1FA27630E8E}.Release|x86.ActiveCfg = Release|Any CPU
		{BDF1ABC2-8C52-4864-B824-B1FA27630E8E}.Release|x86.Build.0 = Release|Any CPU
		{70225C3F-393A-40F5-A778-8FF71A38C4C0}.Debug|Any CPU.ActiveCfg = Debug|Any CPU
		{70225C3F-393A-40F5-A778-8FF71A38C4C0}.Debug|Any CPU.Build.0 = Debug|Any CPU
		{70225C3F-393A-40F5-A778-8FF71A38C4C0}.Debug|x64.ActiveCfg = Debug|Any CPU
		{70225C3F-393A-40F5-A778-8FF71A38C4C0}.Debug|x64.Build.0 = Debug|Any CPU
		{70225C3F-393A-40F5-A778-8FF71A38C4C0}.Debug|x86.ActiveCfg = Debug|Any CPU
		{70225C3F-393A-40F5-A778-8FF71A38C4C0}.Debug|x86.Build.0 = Debug|Any CPU
		{70225C3F-393A-40F5-A778-8FF71A38C4C0}.Release|Any CPU.ActiveCfg = Release|Any CPU
		{70225C3F-393A-40F5-A778-8FF71A38C4C0}.Release|Any CPU.Build.0 = Release|Any CPU
		{70225C3F-393A-40F5-A778-8FF71A38C4C0}.Release|x64.ActiveCfg = Release|Any CPU
		{70225C3F-393A-40F5-A778-8FF71A38C4C0}.Release|x64.Build.0 = Release|Any CPU
		{70225C3F-393A-40F5-A778-8FF71A38C4C0}.Release|x86.ActiveCfg = Release|Any CPU
		{70225C3F-393A-40F5-A778-8FF71A38C4C0}.Release|x86.Build.0 = Release|Any CPU
		{587DE66B-6FAB-4722-9C53-2812BEFB6A44}.Debug|Any CPU.ActiveCfg = Debug|Any CPU
		{587DE66B-6FAB-4722-9C53-2812BEFB6A44}.Debug|Any CPU.Build.0 = Debug|Any CPU
		{587DE66B-6FAB-4722-9C53-2812BEFB6A44}.Debug|x64.ActiveCfg = Debug|Any CPU
		{587DE66B-6FAB-4722-9C53-2812BEFB6A44}.Debug|x64.Build.0 = Debug|Any CPU
		{587DE66B-6FAB-4722-9C53-2812BEFB6A44}.Debug|x86.ActiveCfg = Debug|Any CPU
		{587DE66B-6FAB-4722-9C53-2812BEFB6A44}.Debug|x86.Build.0 = Debug|Any CPU
		{587DE66B-6FAB-4722-9C53-2812BEFB6A44}.Release|Any CPU.ActiveCfg = Release|Any CPU
		{587DE66B-6FAB-4722-9C53-2812BEFB6A44}.Release|Any CPU.Build.0 = Release|Any CPU
		{587DE66B-6FAB-4722-9C53-2812BEFB6A44}.Release|x64.ActiveCfg = Release|Any CPU
		{587DE66B-6FAB-4722-9C53-2812BEFB6A44}.Release|x64.Build.0 = Release|Any CPU
		{587DE66B-6FAB-4722-9C53-2812BEFB6A44}.Release|x86.ActiveCfg = Release|Any CPU
		{587DE66B-6FAB-4722-9C53-2812BEFB6A44}.Release|x86.Build.0 = Release|Any CPU
		{0B4DCA79-10CC-4CB8-95D3-A4EB8C98BE1C}.Debug|Any CPU.ActiveCfg = Debug|Any CPU
		{0B4DCA79-10CC-4CB8-95D3-A4EB8C98BE1C}.Debug|Any CPU.Build.0 = Debug|Any CPU
		{0B4DCA79-10CC-4CB8-95D3-A4EB8C98BE1C}.Debug|x64.ActiveCfg = Debug|Any CPU
		{0B4DCA79-10CC-4CB8-95D3-A4EB8C98BE1C}.Debug|x64.Build.0 = Debug|Any CPU
		{0B4DCA79-10CC-4CB8-95D3-A4EB8C98BE1C}.Debug|x86.ActiveCfg = Debug|Any CPU
		{0B4DCA79-10CC-4CB8-95D3-A4EB8C98BE1C}.Debug|x86.Build.0 = Debug|Any CPU
		{0B4DCA79-10CC-4CB8-95D3-A4EB8C98BE1C}.Release|Any CPU.ActiveCfg = Release|Any CPU
		{0B4DCA79-10CC-4CB8-95D3-A4EB8C98BE1C}.Release|Any CPU.Build.0 = Release|Any CPU
		{0B4DCA79-10CC-4CB8-95D3-A4EB8C98BE1C}.Release|x64.ActiveCfg = Release|Any CPU
		{0B4DCA79-10CC-4CB8-95D3-A4EB8C98BE1C}.Release|x64.Build.0 = Release|Any CPU
		{0B4DCA79-10CC-4CB8-95D3-A4EB8C98BE1C}.Release|x86.ActiveCfg = Release|Any CPU
		{0B4DCA79-10CC-4CB8-95D3-A4EB8C98BE1C}.Release|x86.Build.0 = Release|Any CPU
		{701DB05B-1F1B-485F-9EDF-0274EED4FF9F}.Debug|Any CPU.ActiveCfg = Debug|Any CPU
		{701DB05B-1F1B-485F-9EDF-0274EED4FF9F}.Debug|Any CPU.Build.0 = Debug|Any CPU
		{701DB05B-1F1B-485F-9EDF-0274EED4FF9F}.Debug|x64.ActiveCfg = Debug|Any CPU
		{701DB05B-1F1B-485F-9EDF-0274EED4FF9F}.Debug|x64.Build.0 = Debug|Any CPU
		{701DB05B-1F1B-485F-9EDF-0274EED4FF9F}.Debug|x86.ActiveCfg = Debug|Any CPU
		{701DB05B-1F1B-485F-9EDF-0274EED4FF9F}.Debug|x86.Build.0 = Debug|Any CPU
		{701DB05B-1F1B-485F-9EDF-0274EED4FF9F}.Release|Any CPU.ActiveCfg = Release|Any CPU
		{701DB05B-1F1B-485F-9EDF-0274EED4FF9F}.Release|Any CPU.Build.0 = Release|Any CPU
		{701DB05B-1F1B-485F-9EDF-0274EED4FF9F}.Release|x64.ActiveCfg = Release|Any CPU
		{701DB05B-1F1B-485F-9EDF-0274EED4FF9F}.Release|x64.Build.0 = Release|Any CPU
		{701DB05B-1F1B-485F-9EDF-0274EED4FF9F}.Release|x86.ActiveCfg = Release|Any CPU
		{701DB05B-1F1B-485F-9EDF-0274EED4FF9F}.Release|x86.Build.0 = Release|Any CPU
		{7141AB85-10C5-42AE-8FC7-B14A4216A89F}.Debug|Any CPU.ActiveCfg = Debug|Any CPU
		{7141AB85-10C5-42AE-8FC7-B14A4216A89F}.Debug|Any CPU.Build.0 = Debug|Any CPU
		{7141AB85-10C5-42AE-8FC7-B14A4216A89F}.Debug|x64.ActiveCfg = Debug|Any CPU
		{7141AB85-10C5-42AE-8FC7-B14A4216A89F}.Debug|x64.Build.0 = Debug|Any CPU
		{7141AB85-10C5-42AE-8FC7-B14A4216A89F}.Debug|x86.ActiveCfg = Debug|Any CPU
		{7141AB85-10C5-42AE-8FC7-B14A4216A89F}.Debug|x86.Build.0 = Debug|Any CPU
		{7141AB85-10C5-42AE-8FC7-B14A4216A89F}.Release|Any CPU.ActiveCfg = Release|Any CPU
		{7141AB85-10C5-42AE-8FC7-B14A4216A89F}.Release|Any CPU.Build.0 = Release|Any CPU
		{7141AB85-10C5-42AE-8FC7-B14A4216A89F}.Release|x64.ActiveCfg = Release|Any CPU
		{7141AB85-10C5-42AE-8FC7-B14A4216A89F}.Release|x64.Build.0 = Release|Any CPU
		{7141AB85-10C5-42AE-8FC7-B14A4216A89F}.Release|x86.ActiveCfg = Release|Any CPU
		{7141AB85-10C5-42AE-8FC7-B14A4216A89F}.Release|x86.Build.0 = Release|Any CPU
		{5222D7CD-3663-49ED-98EA-4B5ECDF705BF}.Debug|Any CPU.ActiveCfg = Debug|Any CPU
		{5222D7CD-3663-49ED-98EA-4B5ECDF705BF}.Debug|Any CPU.Build.0 = Debug|Any CPU
		{5222D7CD-3663-49ED-98EA-4B5ECDF705BF}.Debug|x64.ActiveCfg = Debug|Any CPU
		{5222D7CD-3663-49ED-98EA-4B5ECDF705BF}.Debug|x64.Build.0 = Debug|Any CPU
		{5222D7CD-3663-49ED-98EA-4B5ECDF705BF}.Debug|x86.ActiveCfg = Debug|Any CPU
		{5222D7CD-3663-49ED-98EA-4B5ECDF705BF}.Debug|x86.Build.0 = Debug|Any CPU
		{5222D7CD-3663-49ED-98EA-4B5ECDF705BF}.Release|Any CPU.ActiveCfg = Release|Any CPU
		{5222D7CD-3663-49ED-98EA-4B5ECDF705BF}.Release|Any CPU.Build.0 = Release|Any CPU
		{5222D7CD-3663-49ED-98EA-4B5ECDF705BF}.Release|x64.ActiveCfg = Release|Any CPU
		{5222D7CD-3663-49ED-98EA-4B5ECDF705BF}.Release|x64.Build.0 = Release|Any CPU
		{5222D7CD-3663-49ED-98EA-4B5ECDF705BF}.Release|x86.ActiveCfg = Release|Any CPU
		{5222D7CD-3663-49ED-98EA-4B5ECDF705BF}.Release|x86.Build.0 = Release|Any CPU
		{F8A7E60C-0C48-4D76-AF7F-7881DF5A263D}.Debug|Any CPU.ActiveCfg = Debug|Any CPU
		{F8A7E60C-0C48-4D76-AF7F-7881DF5A263D}.Debug|Any CPU.Build.0 = Debug|Any CPU
		{F8A7E60C-0C48-4D76-AF7F-7881DF5A263D}.Debug|x64.ActiveCfg = Debug|Any CPU
		{F8A7E60C-0C48-4D76-AF7F-7881DF5A263D}.Debug|x64.Build.0 = Debug|Any CPU
		{F8A7E60C-0C48-4D76-AF7F-7881DF5A263D}.Debug|x86.ActiveCfg = Debug|Any CPU
		{F8A7E60C-0C48-4D76-AF7F-7881DF5A263D}.Debug|x86.Build.0 = Debug|Any CPU
		{F8A7E60C-0C48-4D76-AF7F-7881DF5A263D}.Release|Any CPU.ActiveCfg = Release|Any CPU
		{F8A7E60C-0C48-4D76-AF7F-7881DF5A263D}.Release|Any CPU.Build.0 = Release|Any CPU
		{F8A7E60C-0C48-4D76-AF7F-7881DF5A263D}.Release|x64.ActiveCfg = Release|Any CPU
		{F8A7E60C-0C48-4D76-AF7F-7881DF5A263D}.Release|x64.Build.0 = Release|Any CPU
		{F8A7E60C-0C48-4D76-AF7F-7881DF5A263D}.Release|x86.ActiveCfg = Release|Any CPU
		{F8A7E60C-0C48-4D76-AF7F-7881DF5A263D}.Release|x86.Build.0 = Release|Any CPU
		{11362CEE-B4B3-4EFE-A9A1-A6CDEEFCEA10}.Debug|Any CPU.ActiveCfg = Debug|Any CPU
		{11362CEE-B4B3-4EFE-A9A1-A6CDEEFCEA10}.Debug|Any CPU.Build.0 = Debug|Any CPU
		{11362CEE-B4B3-4EFE-A9A1-A6CDEEFCEA10}.Debug|x64.ActiveCfg = Debug|Any CPU
		{11362CEE-B4B3-4EFE-A9A1-A6CDEEFCEA10}.Debug|x64.Build.0 = Debug|Any CPU
		{11362CEE-B4B3-4EFE-A9A1-A6CDEEFCEA10}.Debug|x86.ActiveCfg = Debug|Any CPU
		{11362CEE-B4B3-4EFE-A9A1-A6CDEEFCEA10}.Debug|x86.Build.0 = Debug|Any CPU
		{11362CEE-B4B3-4EFE-A9A1-A6CDEEFCEA10}.Release|Any CPU.ActiveCfg = Release|Any CPU
		{11362CEE-B4B3-4EFE-A9A1-A6CDEEFCEA10}.Release|Any CPU.Build.0 = Release|Any CPU
		{11362CEE-B4B3-4EFE-A9A1-A6CDEEFCEA10}.Release|x64.ActiveCfg = Release|Any CPU
		{11362CEE-B4B3-4EFE-A9A1-A6CDEEFCEA10}.Release|x64.Build.0 = Release|Any CPU
		{11362CEE-B4B3-4EFE-A9A1-A6CDEEFCEA10}.Release|x86.ActiveCfg = Release|Any CPU
		{11362CEE-B4B3-4EFE-A9A1-A6CDEEFCEA10}.Release|x86.Build.0 = Release|Any CPU
	EndGlobalSection
	GlobalSection(SolutionProperties) = preSolution
		HideSolutionNode = FALSE
	EndGlobalSection
	GlobalSection(NestedProjects) = preSolution
		{8F2EA767-8746-4816-B6EE-342BCB8F1AAB} = {D455EC79-E1E0-4509-B297-0DA3AED8DFF7}
		{14E44695-6737-49B2-8AD5-7AA77E4205D2} = {D455EC79-E1E0-4509-B297-0DA3AED8DFF7}
		{BDF1ABC2-8C52-4864-B824-B1FA27630E8E} = {362B2776-4B29-46AB-B237-56776B5372B6}
		{70225C3F-393A-40F5-A778-8FF71A38C4C0} = {362B2776-4B29-46AB-B237-56776B5372B6}
		{587DE66B-6FAB-4722-9C53-2812BEFB6A44} = {362B2776-4B29-46AB-B237-56776B5372B6}
		{0B4DCA79-10CC-4CB8-95D3-A4EB8C98BE1C} = {362B2776-4B29-46AB-B237-56776B5372B6}
		{701DB05B-1F1B-485F-9EDF-0274EED4FF9F} = {B7B8819B-3197-4AB6-B61B-9E1BFD1EC302}
		{7141AB85-10C5-42AE-8FC7-B14A4216A89F} = {D455EC79-E1E0-4509-B297-0DA3AED8DFF7}
		{5222D7CD-3663-49ED-98EA-4B5ECDF705BF} = {B7B8819B-3197-4AB6-B61B-9E1BFD1EC302}
		{F8A7E60C-0C48-4D76-AF7F-7881DF5A263D} = {D455EC79-E1E0-4509-B297-0DA3AED8DFF7}
		{11362CEE-B4B3-4EFE-A9A1-A6CDEEFCEA10} = {D455EC79-E1E0-4509-B297-0DA3AED8DFF7}
	EndGlobalSection
	GlobalSection(ExtensibilityGlobals) = postSolution
		SolutionGuid = {CE74F821-B001-4C69-A58D-CF81F8B0B632}
	EndGlobalSection
EndGlobal
