
Microsoft Visual Studio Solution File, Format Version 12.00
# Visual Studio 15
VisualStudioVersion = 15.0.27130.2003
MinimumVisualStudioVersion = 10.0.40219.1
Project("{2150E333-8FDC-42A3-9474-1A3956D46DE8}") = "RelatedFiles", "RelatedFiles", "{432D5575-2347-4D3C-BF8C-3E38410C46CA}"
EndProject
Project("{9A19103F-16F7-4668-BE54-9A1E7A4F7556}") = "Nest", "src\Nest\Nest.csproj", "{072BA7DA-7B60-407D-8B6E-95E3186BE70C}"
EndProject
Project("{9A19103F-16F7-4668-BE54-9A1E7A4F7556}") = "Elasticsearch.Net", "src\Elasticsearch.Net\Elasticsearch.Net.csproj", "{E97CCF40-0BA6-43FE-9F2D-58D454134088}"
EndProject
Project("{F2A71F9B-5D33-465A-A702-920D77279786}") = "scripts", "build\scripts\scripts.fsproj", "{D6997ADC-E933-418E-831C-DE1A78897493}"
EndProject
Project("{2150E333-8FDC-42A3-9474-1A3956D46DE8}") = "tests", "tests", "{6C4A2627-AF22-4388-9DF7-7A9AEACFD635}"
ProjectSection(SolutionItems) = preProject
	tests\Directory.Build.props = tests\Directory.Build.props
	tests\.runsettings = tests\.runsettings
	tests\.ci.runsettings = tests\.ci.runsettings
EndProjectSection
EndProject
Project("{FAE04EC0-301F-11D3-BF4B-00C04F79EFBC}") = "Tests", "tests\Tests\Tests.csproj", "{5B393962-7586-49BA-BD99-3B1E35F48E94}"
EndProject
Project("{FAE04EC0-301F-11D3-BF4B-00C04F79EFBC}") = "Tests.Benchmarking", "tests\Tests.Benchmarking\Tests.Benchmarking.csproj", "{BAA9802A-A664-4DB7-9A34-5FA84BEBDF81}"
EndProject
Project("{FAE04EC0-301F-11D3-BF4B-00C04F79EFBC}") = "Tests.ClusterLauncher", "tests\Tests.ClusterLauncher\Tests.ClusterLauncher.csproj", "{AC554BF8-8ED9-4C45-BB65-8833219CAC93}"
EndProject
Project("{FAE04EC0-301F-11D3-BF4B-00C04F79EFBC}") = "Tests.Configuration", "tests\Tests.Configuration\Tests.Configuration.csproj", "{0944B296-9B37-4BFD-89C8-1C9CEAAF1132}"
EndProject
Project("{FAE04EC0-301F-11D3-BF4B-00C04F79EFBC}") = "Tests.Core", "tests\Tests.Core\Tests.Core.csproj", "{C1B09F39-9492-47AA-98D8-D82EF325079B}"
EndProject
Project("{FAE04EC0-301F-11D3-BF4B-00C04F79EFBC}") = "Tests.Domain", "tests\Tests.Domain\Tests.Domain.csproj", "{1CBF00F0-C082-4C6F-BF4B-AE41FEE122D7}"
EndProject
Project("{FAE04EC0-301F-11D3-BF4B-00C04F79EFBC}") = "Tests.Reproduce", "tests\Tests.Reproduce\Tests.Reproduce.csproj", "{30FB80AE-3B37-4FBB-8450-9666969EEE1A}"
EndProject
Project("{FAE04EC0-301F-11D3-BF4B-00C04F79EFBC}") = "Tests.ScratchPad", "tests\Tests.ScratchPad\Tests.ScratchPad.csproj", "{CE7AC1D4-15AF-47FB-83FA-F7137DFD9076}"
EndProject
Project("{2150E333-8FDC-42A3-9474-1A3956D46DE8}") = "Root", "Root", "{EAE89579-CCA9-45CE-AF83-3DCD98690EA8}"
ProjectSection(SolutionItems) = preProject
	.editorconfig = .editorconfig
	.gitignore = .gitignore
	appveyor.yml = appveyor.yml
	global.json = global.json
	azure-pipelines.yml = azure-pipelines.yml
	nuget.config = nuget.config
	dotnet-tools.json = dotnet-tools.json
EndProjectSection
EndProject
Project("{2150E333-8FDC-42A3-9474-1A3956D46DE8}") = "Markdown", "Markdown", "{2FABB663-F4DB-499A-89F8-3A08828D1D91}"
ProjectSection(SolutionItems) = preProject
	contributing.md = contributing.md
	license.txt = license.txt
	readme.md = readme.md
EndProjectSection
EndProject
Project("{F2A71F9B-5D33-465A-A702-920D77279786}") = "Tests.YamlRunner", "tests\Tests.YamlRunner\Tests.YamlRunner.fsproj", "{81473437-5722-4829-A5CD-125B17CCA238}"
EndProject
Project("{FAE04EC0-301F-11D3-BF4B-00C04F79EFBC}") = "Jenkins", ".ci\Jenkins.csproj", "{5A9C1B95-9280-433E-8D1B-1F5396126166}"
EndProject
Project("{2150E333-8FDC-42A3-9474-1A3956D46DE8}") = "src", "src", "{3EA11364-0513-44B7-AD6D-A675485E7448}"
ProjectSection(SolutionItems) = preProject
	src\_PublishArtifacts.Build.props = src\_PublishArtifacts.Build.props
EndProjectSection
EndProject
Project("{FAE04EC0-301F-11D3-BF4B-00C04F79EFBC}") = "ApiGenerator", "src\ApiGenerator\ApiGenerator.csproj", "{CA508E92-50AE-4858-BD94-8637E88A8FAC}"
EndProject
Project("{FAE04EC0-301F-11D3-BF4B-00C04F79EFBC}") = "DocGenerator", "src\DocGenerator\DocGenerator.csproj", "{AB8A08CC-FCA5-49AF-901A-9120DAAA11D6}"
EndProject
Project("{FAE04EC0-301F-11D3-BF4B-00C04F79EFBC}") = "ExamplesGenerator", "src\ExamplesGenerator\ExamplesGenerator.csproj", "{1B9CCE9F-10CE-410A-BF9B-80935F3710A7}"
EndProject
Project("{FAE04EC0-301F-11D3-BF4B-00C04F79EFBC}") = "Examples", "tests\Examples\Examples.csproj", "{393913C6-36ED-4F20-8864-2DA03E5606F0}"
EndProject
Project("{FAE04EC0-301F-11D3-BF4B-00C04F79EFBC}") = "Nest.JsonNetSerializer", "src\Nest.JsonNetSerializer\Nest.JsonNetSerializer.csproj", "{3D4B5CC3-43E1-44BD-A0EA-63798563B475}"
EndProject
Project("{2150E333-8FDC-42A3-9474-1A3956D46DE8}") = "build", "build", "{29E53C13-34F7-4F0D-8D28-41EF768793E7}"
ProjectSection(SolutionItems) = preProject
	Directory.Build.props = Directory.Build.props
	Directory.Build.targets = Directory.Build.targets
EndProjectSection
EndProject
Global
	GlobalSection(SolutionConfigurationPlatforms) = preSolution
		Debug|Any CPU = Debug|Any CPU
		Release|Any CPU = Release|Any CPU
	EndGlobalSection
	GlobalSection(SolutionProperties) = preSolution
		HideSolutionNode = FALSE
	EndGlobalSection
	GlobalSection(ExtensibilityGlobals) = postSolution
		SolutionGuid = {B3427E39-0C06-4A56-88E2-DCB730B82785}
	EndGlobalSection
	GlobalSection(NestedProjects) = preSolution
		{5B393962-7586-49BA-BD99-3B1E35F48E94} = {6C4A2627-AF22-4388-9DF7-7A9AEACFD635}
		{BAA9802A-A664-4DB7-9A34-5FA84BEBDF81} = {6C4A2627-AF22-4388-9DF7-7A9AEACFD635}
		{AC554BF8-8ED9-4C45-BB65-8833219CAC93} = {6C4A2627-AF22-4388-9DF7-7A9AEACFD635}
		{0944B296-9B37-4BFD-89C8-1C9CEAAF1132} = {6C4A2627-AF22-4388-9DF7-7A9AEACFD635}
		{C1B09F39-9492-47AA-98D8-D82EF325079B} = {6C4A2627-AF22-4388-9DF7-7A9AEACFD635}
		{1CBF00F0-C082-4C6F-BF4B-AE41FEE122D7} = {6C4A2627-AF22-4388-9DF7-7A9AEACFD635}
		{30FB80AE-3B37-4FBB-8450-9666969EEE1A} = {6C4A2627-AF22-4388-9DF7-7A9AEACFD635}
		{CE7AC1D4-15AF-47FB-83FA-F7137DFD9076} = {6C4A2627-AF22-4388-9DF7-7A9AEACFD635}
		{EAE89579-CCA9-45CE-AF83-3DCD98690EA8} = {432D5575-2347-4D3C-BF8C-3E38410C46CA}
		{2FABB663-F4DB-499A-89F8-3A08828D1D91} = {432D5575-2347-4D3C-BF8C-3E38410C46CA}
		{81473437-5722-4829-A5CD-125B17CCA238} = {6C4A2627-AF22-4388-9DF7-7A9AEACFD635}
		{E97CCF40-0BA6-43FE-9F2D-58D454134088} = {3EA11364-0513-44B7-AD6D-A675485E7448}
		{072BA7DA-7B60-407D-8B6E-95E3186BE70C} = {3EA11364-0513-44B7-AD6D-A675485E7448}
		{CA508E92-50AE-4858-BD94-8637E88A8FAC} = {3EA11364-0513-44B7-AD6D-A675485E7448}
		{AB8A08CC-FCA5-49AF-901A-9120DAAA11D6} = {3EA11364-0513-44B7-AD6D-A675485E7448}
		{1B9CCE9F-10CE-410A-BF9B-80935F3710A7} = {3EA11364-0513-44B7-AD6D-A675485E7448}
		{393913C6-36ED-4F20-8864-2DA03E5606F0} = {6C4A2627-AF22-4388-9DF7-7A9AEACFD635}
		{3D4B5CC3-43E1-44BD-A0EA-63798563B475} = {3EA11364-0513-44B7-AD6D-A675485E7448}
		{D6997ADC-E933-418E-831C-DE1A78897493} = {29E53C13-34F7-4F0D-8D28-41EF768793E7}
		{5A9C1B95-9280-433E-8D1B-1F5396126166} = {29E53C13-34F7-4F0D-8D28-41EF768793E7}
		{432D5575-2347-4D3C-BF8C-3E38410C46CA} = {29E53C13-34F7-4F0D-8D28-41EF768793E7}
	EndGlobalSection
	GlobalSection(ProjectConfigurationPlatforms) = postSolution
		{5B393962-7586-49BA-BD99-3B1E35F48E94}.Debug|Any CPU.ActiveCfg = Debug|Any CPU
		{5B393962-7586-49BA-BD99-3B1E35F48E94}.Debug|Any CPU.Build.0 = Debug|Any CPU
		{5B393962-7586-49BA-BD99-3B1E35F48E94}.Release|Any CPU.ActiveCfg = Release|Any CPU
		{5B393962-7586-49BA-BD99-3B1E35F48E94}.Release|Any CPU.Build.0 = Release|Any CPU
		{BAA9802A-A664-4DB7-9A34-5FA84BEBDF81}.Debug|Any CPU.ActiveCfg = Debug|Any CPU
		{BAA9802A-A664-4DB7-9A34-5FA84BEBDF81}.Debug|Any CPU.Build.0 = Debug|Any CPU
		{BAA9802A-A664-4DB7-9A34-5FA84BEBDF81}.Release|Any CPU.ActiveCfg = Release|Any CPU
		{BAA9802A-A664-4DB7-9A34-5FA84BEBDF81}.Release|Any CPU.Build.0 = Release|Any CPU
		{AC554BF8-8ED9-4C45-BB65-8833219CAC93}.Debug|Any CPU.ActiveCfg = Debug|Any CPU
		{AC554BF8-8ED9-4C45-BB65-8833219CAC93}.Debug|Any CPU.Build.0 = Debug|Any CPU
		{AC554BF8-8ED9-4C45-BB65-8833219CAC93}.Release|Any CPU.ActiveCfg = Release|Any CPU
		{AC554BF8-8ED9-4C45-BB65-8833219CAC93}.Release|Any CPU.Build.0 = Release|Any CPU
		{0944B296-9B37-4BFD-89C8-1C9CEAAF1132}.Debug|Any CPU.ActiveCfg = Debug|Any CPU
		{0944B296-9B37-4BFD-89C8-1C9CEAAF1132}.Debug|Any CPU.Build.0 = Debug|Any CPU
		{0944B296-9B37-4BFD-89C8-1C9CEAAF1132}.Release|Any CPU.ActiveCfg = Release|Any CPU
		{0944B296-9B37-4BFD-89C8-1C9CEAAF1132}.Release|Any CPU.Build.0 = Release|Any CPU
		{C1B09F39-9492-47AA-98D8-D82EF325079B}.Debug|Any CPU.ActiveCfg = Debug|Any CPU
		{C1B09F39-9492-47AA-98D8-D82EF325079B}.Debug|Any CPU.Build.0 = Debug|Any CPU
		{C1B09F39-9492-47AA-98D8-D82EF325079B}.Release|Any CPU.ActiveCfg = Release|Any CPU
		{C1B09F39-9492-47AA-98D8-D82EF325079B}.Release|Any CPU.Build.0 = Release|Any CPU
		{1CBF00F0-C082-4C6F-BF4B-AE41FEE122D7}.Debug|Any CPU.ActiveCfg = Debug|Any CPU
		{1CBF00F0-C082-4C6F-BF4B-AE41FEE122D7}.Debug|Any CPU.Build.0 = Debug|Any CPU
		{1CBF00F0-C082-4C6F-BF4B-AE41FEE122D7}.Release|Any CPU.ActiveCfg = Release|Any CPU
		{1CBF00F0-C082-4C6F-BF4B-AE41FEE122D7}.Release|Any CPU.Build.0 = Release|Any CPU
		{30FB80AE-3B37-4FBB-8450-9666969EEE1A}.Debug|Any CPU.ActiveCfg = Debug|Any CPU
		{30FB80AE-3B37-4FBB-8450-9666969EEE1A}.Debug|Any CPU.Build.0 = Debug|Any CPU
		{30FB80AE-3B37-4FBB-8450-9666969EEE1A}.Release|Any CPU.ActiveCfg = Release|Any CPU
		{30FB80AE-3B37-4FBB-8450-9666969EEE1A}.Release|Any CPU.Build.0 = Release|Any CPU
		{CE7AC1D4-15AF-47FB-83FA-F7137DFD9076}.Debug|Any CPU.ActiveCfg = Debug|Any CPU
		{CE7AC1D4-15AF-47FB-83FA-F7137DFD9076}.Debug|Any CPU.Build.0 = Debug|Any CPU
		{CE7AC1D4-15AF-47FB-83FA-F7137DFD9076}.Release|Any CPU.ActiveCfg = Release|Any CPU
		{CE7AC1D4-15AF-47FB-83FA-F7137DFD9076}.Release|Any CPU.Build.0 = Release|Any CPU
		{E97CCF40-0BA6-43FE-9F2D-58D454134088}.Debug|Any CPU.ActiveCfg = Debug|Any CPU
		{E97CCF40-0BA6-43FE-9F2D-58D454134088}.Debug|Any CPU.Build.0 = Debug|Any CPU
		{E97CCF40-0BA6-43FE-9F2D-58D454134088}.Release|Any CPU.ActiveCfg = Release|Any CPU
		{E97CCF40-0BA6-43FE-9F2D-58D454134088}.Release|Any CPU.Build.0 = Release|Any CPU
		{072BA7DA-7B60-407D-8B6E-95E3186BE70C}.Debug|Any CPU.ActiveCfg = Debug|Any CPU
		{072BA7DA-7B60-407D-8B6E-95E3186BE70C}.Debug|Any CPU.Build.0 = Debug|Any CPU
		{072BA7DA-7B60-407D-8B6E-95E3186BE70C}.Release|Any CPU.ActiveCfg = Release|Any CPU
		{072BA7DA-7B60-407D-8B6E-95E3186BE70C}.Release|Any CPU.Build.0 = Release|Any CPU
		{D6997ADC-E933-418E-831C-DE1A78897493}.Debug|Any CPU.ActiveCfg = Debug|Any CPU
		{D6997ADC-E933-418E-831C-DE1A78897493}.Release|Any CPU.ActiveCfg = Release|Any CPU
		{D6997ADC-E933-418E-831C-DE1A78897493}.Debug|Any CPU.Build.0 = Debug|Any CPU
		{D6997ADC-E933-418E-831C-DE1A78897493}.Release|Any CPU.Build.0 = Release|Any CPU
		{81473437-5722-4829-A5CD-125B17CCA238}.Debug|Any CPU.ActiveCfg = Debug|Any CPU
		{81473437-5722-4829-A5CD-125B17CCA238}.Debug|Any CPU.Build.0 = Debug|Any CPU
		{81473437-5722-4829-A5CD-125B17CCA238}.Release|Any CPU.ActiveCfg = Release|Any CPU
		{81473437-5722-4829-A5CD-125B17CCA238}.Release|Any CPU.Build.0 = Release|Any CPU
		{5A9C1B95-9280-433E-8D1B-1F5396126166}.Debug|Any CPU.ActiveCfg = Debug|Any CPU
		{5A9C1B95-9280-433E-8D1B-1F5396126166}.Debug|Any CPU.Build.0 = Debug|Any CPU
		{5A9C1B95-9280-433E-8D1B-1F5396126166}.Release|Any CPU.ActiveCfg = Release|Any CPU
		{5A9C1B95-9280-433E-8D1B-1F5396126166}.Release|Any CPU.Build.0 = Release|Any CPU
		{CA508E92-50AE-4858-BD94-8637E88A8FAC}.Debug|Any CPU.ActiveCfg = Debug|Any CPU
		{CA508E92-50AE-4858-BD94-8637E88A8FAC}.Debug|Any CPU.Build.0 = Debug|Any CPU
		{CA508E92-50AE-4858-BD94-8637E88A8FAC}.Release|Any CPU.ActiveCfg = Release|Any CPU
		{CA508E92-50AE-4858-BD94-8637E88A8FAC}.Release|Any CPU.Build.0 = Release|Any CPU
		{AB8A08CC-FCA5-49AF-901A-9120DAAA11D6}.Debug|Any CPU.ActiveCfg = Debug|Any CPU
		{AB8A08CC-FCA5-49AF-901A-9120DAAA11D6}.Debug|Any CPU.Build.0 = Debug|Any CPU
		{AB8A08CC-FCA5-49AF-901A-9120DAAA11D6}.Release|Any CPU.ActiveCfg = Release|Any CPU
		{AB8A08CC-FCA5-49AF-901A-9120DAAA11D6}.Release|Any CPU.Build.0 = Release|Any CPU
		{1B9CCE9F-10CE-410A-BF9B-80935F3710A7}.Debug|Any CPU.ActiveCfg = Debug|Any CPU
		{1B9CCE9F-10CE-410A-BF9B-80935F3710A7}.Debug|Any CPU.Build.0 = Debug|Any CPU
		{1B9CCE9F-10CE-410A-BF9B-80935F3710A7}.Release|Any CPU.ActiveCfg = Release|Any CPU
		{1B9CCE9F-10CE-410A-BF9B-80935F3710A7}.Release|Any CPU.Build.0 = Release|Any CPU
		{393913C6-36ED-4F20-8864-2DA03E5606F0}.Debug|Any CPU.ActiveCfg = Debug|Any CPU
		{393913C6-36ED-4F20-8864-2DA03E5606F0}.Debug|Any CPU.Build.0 = Debug|Any CPU
		{393913C6-36ED-4F20-8864-2DA03E5606F0}.Release|Any CPU.ActiveCfg = Release|Any CPU
		{393913C6-36ED-4F20-8864-2DA03E5606F0}.Release|Any CPU.Build.0 = Release|Any CPU
		{3D4B5CC3-43E1-44BD-A0EA-63798563B475}.Debug|Any CPU.ActiveCfg = Debug|Any CPU
		{3D4B5CC3-43E1-44BD-A0EA-63798563B475}.Debug|Any CPU.Build.0 = Debug|Any CPU
		{3D4B5CC3-43E1-44BD-A0EA-63798563B475}.Release|Any CPU.ActiveCfg = Release|Any CPU
		{3D4B5CC3-43E1-44BD-A0EA-63798563B475}.Release|Any CPU.Build.0 = Release|Any CPU
	EndGlobalSection
EndGlobal
