
Microsoft Visual Studio Solution File, Format Version 12.00
# Visual Studio Version 16
VisualStudioVersion = 16.6.30114.105
MinimumVisualStudioVersion = 10.0.40219.1
Project("{2150E333-8FDC-42A3-9474-1A3956D46DE8}") = "src", "src", "{D455EC79-E1E0-4509-B297-0DA3AED8DFF7}"
EndProject
Project("{9A19103F-16F7-4668-BE54-9A1E7A4F7556}") = "Nest", "src\NestVNext\Nest.csproj", "{39149B87-983F-464B-9E79-61FB4558A84F}"
EndProject
Project("{9A19103F-16F7-4668-BE54-9A1E7A4F7556}") = "Playground", "src\Playground\Playground.csproj", "{8F2EA767-8746-4816-B6EE-342BCB8F1AAB}"
EndProject
Project("{9A19103F-16F7-4668-BE54-9A1E7A4F7556}") = "Elastic.Transport", "..\elastic-transport-net\src\Elastic.Transport\Elastic.Transport.csproj", "{14E44695-6737-49B2-8AD5-7AA77E4205D2}"
EndProject
Global
	GlobalSection(SolutionConfigurationPlatforms) = preSolution
		Debug|Any CPU = Debug|Any CPU
		Debug|x64 = Debug|x64
		Debug|x86 = Debug|x86
		Release|Any CPU = Release|Any CPU
		Release|x64 = Release|x64
		Release|x86 = Release|x86
	EndGlobalSection
	GlobalSection(ProjectConfigurationPlatforms) = postSolution
		{39149B87-983F-464B-9E79-61FB4558A84F}.Debug|Any CPU.ActiveCfg = Debug|Any CPU
		{39149B87-983F-464B-9E79-61FB4558A84F}.Debug|Any CPU.Build.0 = Debug|Any CPU
		{39149B87-983F-464B-9E79-61FB4558A84F}.Debug|x64.ActiveCfg = Debug|Any CPU
		{39149B87-983F-464B-9E79-61FB4558A84F}.Debug|x64.Build.0 = Debug|Any CPU
		{39149B87-983F-464B-9E79-61FB4558A84F}.Debug|x86.ActiveCfg = Debug|Any CPU
		{39149B87-983F-464B-9E79-61FB4558A84F}.Debug|x86.Build.0 = Debug|Any CPU
		{39149B87-983F-464B-9E79-61FB4558A84F}.Release|Any CPU.ActiveCfg = Release|Any CPU
		{39149B87-983F-464B-9E79-61FB4558A84F}.Release|Any CPU.Build.0 = Release|Any CPU
		{39149B87-983F-464B-9E79-61FB4558A84F}.Release|x64.ActiveCfg = Release|Any CPU
		{39149B87-983F-464B-9E79-61FB4558A84F}.Release|x64.Build.0 = Release|Any CPU
		{39149B87-983F-464B-9E79-61FB4558A84F}.Release|x86.ActiveCfg = Release|Any CPU
		{39149B87-983F-464B-9E79-61FB4558A84F}.Release|x86.Build.0 = Release|Any CPU
		{8F2EA767-8746-4816-B6EE-342BCB8F1AAB}.Debug|Any CPU.ActiveCfg = Debug|Any CPU
		{8F2EA767-8746-4816-B6EE-342BCB8F1AAB}.Debug|Any CPU.Build.0 = Debug|Any CPU
		{8F2EA767-8746-4816-B6EE-342BCB8F1AAB}.Debug|x64.ActiveCfg = Debug|Any CPU
		{8F2EA767-8746-4816-B6EE-342BCB8F1AAB}.Debug|x64.Build.0 = Debug|Any CPU
		{8F2EA767-8746-4816-B6EE-342BCB8F1AAB}.Debug|x86.ActiveCfg = Debug|Any CPU
		{8F2EA767-8746-4816-B6EE-342BCB8F1AAB}.Debug|x86.Build.0 = Debug|Any CPU
		{8F2EA767-8746-4816-B6EE-342BCB8F1AAB}.Release|Any CPU.ActiveCfg = Release|Any CPU
		{8F2EA767-8746-4816-B6EE-342BCB8F1AAB}.Release|Any CPU.Build.0 = Release|Any CPU
		{8F2EA767-8746-4816-B6EE-342BCB8F1AAB}.Release|x64.ActiveCfg = Release|Any CPU
		{8F2EA767-8746-4816-B6EE-342BCB8F1AAB}.Release|x64.Build.0 = Release|Any CPU
		{8F2EA767-8746-4816-B6EE-342BCB8F1AAB}.Release|x86.ActiveCfg = Release|Any CPU
		{8F2EA767-8746-4816-B6EE-342BCB8F1AAB}.Release|x86.Build.0 = Release|Any CPU
		{14E44695-6737-49B2-8AD5-7AA77E4205D2}.Debug|Any CPU.ActiveCfg = Debug|Any CPU
		{14E44695-6737-49B2-8AD5-7AA77E4205D2}.Debug|Any CPU.Build.0 = Debug|Any CPU
		{14E44695-6737-49B2-8AD5-7AA77E4205D2}.Debug|x64.ActiveCfg = Debug|Any CPU
		{14E44695-6737-49B2-8AD5-7AA77E4205D2}.Debug|x64.Build.0 = Debug|Any CPU
		{14E44695-6737-49B2-8AD5-7AA77E4205D2}.Debug|x86.ActiveCfg = Debug|Any CPU
		{14E44695-6737-49B2-8AD5-7AA77E4205D2}.Debug|x86.Build.0 = Debug|Any CPU
		{14E44695-6737-49B2-8AD5-7AA77E4205D2}.Release|Any CPU.ActiveCfg = Release|Any CPU
		{14E44695-6737-49B2-8AD5-7AA77E4205D2}.Release|Any CPU.Build.0 = Release|Any CPU
		{14E44695-6737-49B2-8AD5-7AA77E4205D2}.Release|x64.ActiveCfg = Release|Any CPU
		{14E44695-6737-49B2-8AD5-7AA77E4205D2}.Release|x64.Build.0 = Release|Any CPU
		{14E44695-6737-49B2-8AD5-7AA77E4205D2}.Release|x86.ActiveCfg = Release|Any CPU
		{14E44695-6737-49B2-8AD5-7AA77E4205D2}.Release|x86.Build.0 = Release|Any CPU
	EndGlobalSection
	GlobalSection(SolutionProperties) = preSolution
		HideSolutionNode = FALSE
	EndGlobalSection
	GlobalSection(NestedProjects) = preSolution
		{39149B87-983F-464B-9E79-61FB4558A84F} = {D455EC79-E1E0-4509-B297-0DA3AED8DFF7}
		{8F2EA767-8746-4816-B6EE-342BCB8F1AAB} = {D455EC79-E1E0-4509-B297-0DA3AED8DFF7}
		{14E44695-6737-49B2-8AD5-7AA77E4205D2} = {D455EC79-E1E0-4509-B297-0DA3AED8DFF7}
	EndGlobalSection
	GlobalSection(ExtensibilityGlobals) = postSolution
		SolutionGuid = {CE74F821-B001-4C69-A58D-CF81F8B0B632}
	EndGlobalSection
EndGlobal
