
Microsoft Visual Studio Solution File, Format Version 12.00
# Visual Studio Version 17
VisualStudioVersion = 17.12.35527.113
MinimumVisualStudioVersion = 10.0.40219.1
Project("{FAE04EC0-301F-11D3-BF4B-00C04F79EFBC}") = "RequestConverter", "src\RequestConverter\RequestConverter.csproj", "{80C6FF6A-F16A-4FED-A172-E552B28C803E}"
EndProject
Project("{FAE04EC0-301F-11D3-BF4B-00C04F79EFBC}") = "RequestConverter.Console", "src\RequestConverter.Console\RequestConverter.Console.csproj", "{2242D4E1-4AD6-4DCA-BF94-6E7573737F73}"
EndProject
Global
	GlobalSection(SolutionConfigurationPlatforms) = preSolution
		Debug|Any CPU = Debug|Any CPU
		Release|Any CPU = Release|Any CPU
	EndGlobalSection
	GlobalSection(ProjectConfigurationPlatforms) = postSolution
		{80C6FF6A-F16A-4FED-A172-E552B28C803E}.Debug|Any CPU.ActiveCfg = Debug|Any CPU
		{80C6FF6A-F16A-4FED-A172-E552B28C803E}.Debug|Any CPU.Build.0 = Debug|Any CPU
		{80C6FF6A-F16A-4FED-A172-E552B28C803E}.Release|Any CPU.ActiveCfg = Release|Any CPU
		{80C6FF6A-F16A-4FED-A172-E552B28C803E}.Release|Any CPU.Build.0 = Release|Any CPU
		{2242D4E1-4AD6-4DCA-BF94-6E7573737F73}.Debug|Any CPU.ActiveCfg = Debug|Any CPU
		{2242D4E1-4AD6-4DCA-BF94-6E7573737F73}.Debug|Any CPU.Build.0 = Debug|Any CPU
		{2242D4E1-4AD6-4DCA-BF94-6E7573737F73}.Release|Any CPU.ActiveCfg = Release|Any CPU
		{2242D4E1-4AD6-4DCA-BF94-6E7573737F73}.Release|Any CPU.Build.0 = Release|Any CPU
	EndGlobalSection
	GlobalSection(SolutionProperties) = preSolution
		HideSolutionNode = FALSE
	EndGlobalSection
EndGlobal
