{
  "version": 1,
  "dependencies": {
    "net6.0": {
      "DotNet.ReproducibleBuilds": {
        "type": "Direct",
        "requested": "[1.1.1, )",
        "resolved": "1.1.1",
        "contentHash": "+H2t/t34h6mhEoUvHi8yGXyuZ2GjSovcGYehJrS2MDm2XgmPfZL2Sdxg+uL2lKgZ4M6tTwKHIlxOob2bgh0NRQ==",
        "dependencies": {
          "Microsoft.SourceLink.AzureRepos.Git": "1.1.1",
          "Microsoft.SourceLink.Bitbucket.Git": "1.1.1",
          "Microsoft.SourceLink.GitHub": "1.1.1",
          "Microsoft.SourceLink.GitLab": "1.1.1"
        }
      },
      "Microsoft.NETFramework.ReferenceAssemblies": {
        "type": "Direct",
        "requested": "[1.0.3, )",
        "resolved": "1.0.3",
        "contentHash": "vUc9Npcs14QsyOD01tnv/m8sQUnGTGOw1BCmKcv77LBJY7OxhJ+zJF7UD/sCL3lYNFuqmQEVlkfS4Quif6FyYg==",
        "dependencies": {
          "Microsoft.NETFramework.ReferenceAssemblies.net461": "1.0.3"
        }
      },
      "Moq": {
        "type": "Direct",
        "requested": "[4.18.2, )",
        "resolved": "4.18.2",
        "contentHash": "SjxKYS5nX6prcaT8ZjbkONh3vnh0Rxru09+gQ1a07v4TM530Oe/jq3Q4dOZPfo1wq0LYmTgLOZKrqRfEx4auPw==",
        "dependencies": {
          "Castle.Core": "5.1.0"
        }
      },
      "Newtonsoft.Json": {
        "type": "Direct",
        "requested": "[13.0.1, )",
        "resolved": "13.0.1",
        "contentHash": "ppPFpBcvxdsfUonNcvITKqLl3bqxWbDCZIzDWHzjpdAHRFfZe0Dw9HmA0+za13IdyrgJwpkDTDA9fHaxOrt20A=="
      },
      "Castle.Core": {
        "type": "Transitive",
        "resolved": "5.1.0",
        "contentHash": "31UJpTHOiWq95CDOHazE3Ub/hE/PydNWsJMwnEVTqFFP4WhAugwpaVGxzOxKgNeSUUeqS2W6lxV+q7u1pAOfXg==",
        "dependencies": {
          "System.Diagnostics.EventLog": "6.0.0"
        }
      },
      "Microsoft.Build.Tasks.Git": {
        "type": "Transitive",
        "resolved": "1.1.1",
        "contentHash": "AT3HlgTjsqHnWpBHSNeR0KxbLZD7bztlZVj7I8vgeYG9SYqbeFGh0TM/KVtC6fg53nrWHl3VfZFvb5BiQFcY6Q=="
      },
      "Microsoft.NETFramework.ReferenceAssemblies.net461": {
        "type": "Transitive",
        "resolved": "1.0.3",
        "contentHash": "AmOJZwCqnOCNp6PPcf9joyogScWLtwy0M1WkqfEQ0M9nYwyDD7EX9ZjscKS5iYnyvteX7kzSKFCKt9I9dXA6mA=="
      },
      "Microsoft.SourceLink.AzureRepos.Git": {
        "type": "Transitive",
        "resolved": "1.1.1",
        "contentHash": "qB5urvw9LO2bG3eVAkuL+2ughxz2rR7aYgm2iyrB8Rlk9cp2ndvGRCvehk3rNIhRuNtQaeKwctOl1KvWiklv5w==",
        "dependencies": {
          "Microsoft.Build.Tasks.Git": "1.1.1",
          "Microsoft.SourceLink.Common": "1.1.1"
        }
      },
      "Microsoft.SourceLink.Bitbucket.Git": {
        "type": "Transitive",
        "resolved": "1.1.1",
        "contentHash": "cDzxXwlyWpLWaH0em4Idj0H3AmVo3L/6xRXKssYemx+7W52iNskj/SQ4FOmfCb8YQt39otTDNMveCZzYtMoucQ==",
        "dependencies": {
          "Microsoft.Build.Tasks.Git": "1.1.1",
          "Microsoft.SourceLink.Common": "1.1.1"
        }
      },
      "Microsoft.SourceLink.Common": {
        "type": "Transitive",
        "resolved": "1.1.1",
        "contentHash": "WMcGpWKrmJmzrNeuaEb23bEMnbtR/vLmvZtkAP5qWu7vQsY59GqfRJd65sFpBszbd2k/bQ8cs8eWawQKAabkVg=="
      },
      "Microsoft.SourceLink.GitHub": {
        "type": "Transitive",
        "resolved": "1.1.1",
        "contentHash": "IaJGnOv/M7UQjRJks7B6p7pbPnOwisYGOIzqCz5ilGFTApZ3ktOR+6zJ12ZRPInulBmdAf1SrGdDG2MU8g6XTw==",
        "dependencies": {
          "Microsoft.Build.Tasks.Git": "1.1.1",
          "Microsoft.SourceLink.Common": "1.1.1"
        }
      },
      "Microsoft.SourceLink.GitLab": {
        "type": "Transitive",
        "resolved": "1.1.1",
        "contentHash": "tvsg47DDLqqedlPeYVE2lmiTpND8F0hkrealQ5hYltSmvruy/Gr5nHAKSsjyw5L3NeM/HLMI5ORv7on/M4qyZw==",
        "dependencies": {
          "Microsoft.Build.Tasks.Git": "1.1.1",
          "Microsoft.SourceLink.Common": "1.1.1"
        }
      },
      "System.Diagnostics.EventLog": {
        "type": "Transitive",
        "resolved": "6.0.0",
        "contentHash": "lcyUiXTsETK2ALsZrX+nWuHSIQeazhqPphLfaRxzdGaG93+0kELqpgEHtwWOlQe7+jSFnKwaCAgL4kjeZCQJnw=="
      },
      "elastic.clients.elasticsearch": {
        "type": "Project",
        "dependencies": {
          "Elastic.Transport": "[1.0.0, )"
        }
      },
      "elastic.clients.elasticsearch.jsonnetserializer": {
        "type": "Project",
        "dependencies": {
          "Elastic.Clients.Elasticsearch": "[8.0.0, )",
          "Newtonsoft.Json": "[13.0.1, )"
        }
      },
      "elastic.transport": {
        "type": "Project"
      }
    }
  }
}