
Microsoft Visual Studio Solution File, Format Version 12.00
# Visual Studio 15
VisualStudioVersion = 15.0.26730.15
MinimumVisualStudioVersion = 10.0.40219.1
Project("{2150E333-8FDC-42A3-9474-1A3956D46DE8}") = "src", "src", "{E2F54E97-DBD4-46C9-AE10-0D4394889F25}"
EndProject
Project("{2150E333-8FDC-42A3-9474-1A3956D46DE8}") = "sandbox", "sandbox", "{F1550987-10B3-4D54-8A74-06160EC00F16}"
EndProject
Project("{2150E333-8FDC-42A3-9474-1A3956D46DE8}") = "tests", "tests", "{F15575E6-F4A2-4C67-8717-EAB03C5D24BF}"
EndProject
Project("{9A19103F-16F7-4668-BE54-9A1E7A4F7556}") = "Utf8Json", "src\Utf8Json\Utf8Json.csproj", "{AE4B8434-240D-4AAE-A35D-7BB664271EBC}"
EndProject
Project("{FAE04EC0-301F-11D3-BF4B-00C04F79EFBC}") = "ConsoleAppNet461", "sandbox\ConsoleAppNet461\ConsoleAppNet461.csproj", "{B98F5A74-0A8B-4869-9837-91FE8A4703E9}"
EndProject
Project("{9A19103F-16F7-4668-BE54-9A1E7A4F7556}") = "ConsoleAppNetCore", "sandbox\ConsoleAppNetCore\ConsoleAppNetCore.csproj", "{508B05AB-5A93-4C05-B70D-6BEEC1E9E34F}"
EndProject
Project("{9A19103F-16F7-4668-BE54-9A1E7A4F7556}") = "Utf8Json.Tests", "tests\Utf8Json.Tests\Utf8Json.Tests.csproj", "{EEBF1D0C-9B36-4859-8E6E-FD59409095DB}"
EndProject
Project("{FAE04EC0-301F-11D3-BF4B-00C04F79EFBC}") = "DynamicCodeDumper", "sandbox\DynamicCodeDumper\DynamicCodeDumper.csproj", "{7311C780-E172-45CE-BF8C-81C9DFFEB5F5}"
EndProject
Project("{9A19103F-16F7-4668-BE54-9A1E7A4F7556}") = "Utf8Json.ImmutableCollection", "src\Utf8Json.ImmutableCollection\Utf8Json.ImmutableCollection.csproj", "{6297FDF5-1F3E-486F-A808-0F1AB9865789}"
EndProject
Project("{9A19103F-16F7-4668-BE54-9A1E7A4F7556}") = "Utf8Json.AspNetCoreMvcFormatter", "src\Utf8Json.AspNetCoreMvcFormatter\Utf8Json.AspNetCoreMvcFormatter.csproj", "{D32F3243-0511-4995-BE08-F6F82D8F7C85}"
EndProject
Project("{9A19103F-16F7-4668-BE54-9A1E7A4F7556}") = "PerfBenchmark", "sandbox\PerfBenchmark\PerfBenchmark.csproj", "{8F7C9DEC-7B36-4704-A5FE-7B59F766EB67}"
EndProject
Project("{FAE04EC0-301F-11D3-BF4B-00C04F79EFBC}") = "Utf8Json.CodeGenerator", "src\Utf8Json.CodeGenerator\Utf8Json.CodeGenerator.csproj", "{32B23162-7C3E-458B-A721-392B453FF1C5}"
EndProject
Project("{9A19103F-16F7-4668-BE54-9A1E7A4F7556}") = "Utf8Json.UniversalCodeGenerator", "src\Utf8Json.UniversalCodeGenerator\Utf8Json.UniversalCodeGenerator.csproj", "{E9F023EE-3B1D-411E-AB70-49C895778603}"
EndProject
Project("{9A19103F-16F7-4668-BE54-9A1E7A4F7556}") = "Utf8Json.UnityShims", "src\Utf8Json.UnityShims\Utf8Json.UnityShims.csproj", "{7D6E2A6A-E085-4733-9E9C-C139A4BA0F98}"
EndProject
Project("{2150E333-8FDC-42A3-9474-1A3956D46DE8}") = "docs", "docs", "{6E05599A-3850-49AD-AD11-3024DEA43E23}"
	ProjectSection(SolutionItems) = preProject
		docs\pack.bat = docs\pack.bat
		docs\push.bat = docs\push.bat
		docs\Utf8Json.AspNetCoreMvcFormatter.nuspec = docs\Utf8Json.AspNetCoreMvcFormatter.nuspec
		docs\Utf8Json.ImmutableCollection.nuspec = docs\Utf8Json.ImmutableCollection.nuspec
		docs\Utf8Json.nuspec = docs\Utf8Json.nuspec
		docs\Utf8Json.UnityShims.nuspec = docs\Utf8Json.UnityShims.nuspec
	EndProjectSection
EndProject
Global
	GlobalSection(SolutionConfigurationPlatforms) = preSolution
		Debug|Any CPU = Debug|Any CPU
		DumpAsm|Any CPU = DumpAsm|Any CPU
		Release|Any CPU = Release|Any CPU
	EndGlobalSection
	GlobalSection(ProjectConfigurationPlatforms) = postSolution
		{AE4B8434-240D-4AAE-A35D-7BB664271EBC}.Debug|Any CPU.ActiveCfg = Debug|Any CPU
		{AE4B8434-240D-4AAE-A35D-7BB664271EBC}.Debug|Any CPU.Build.0 = Debug|Any CPU
		{AE4B8434-240D-4AAE-A35D-7BB664271EBC}.DumpAsm|Any CPU.ActiveCfg = Debug|Any CPU
		{AE4B8434-240D-4AAE-A35D-7BB664271EBC}.DumpAsm|Any CPU.Build.0 = Debug|Any CPU
		{AE4B8434-240D-4AAE-A35D-7BB664271EBC}.Release|Any CPU.ActiveCfg = Release|Any CPU
		{AE4B8434-240D-4AAE-A35D-7BB664271EBC}.Release|Any CPU.Build.0 = Release|Any CPU
		{B98F5A74-0A8B-4869-9837-91FE8A4703E9}.Debug|Any CPU.ActiveCfg = Debug|Any CPU
		{B98F5A74-0A8B-4869-9837-91FE8A4703E9}.Debug|Any CPU.Build.0 = Debug|Any CPU
		{B98F5A74-0A8B-4869-9837-91FE8A4703E9}.DumpAsm|Any CPU.ActiveCfg = DumpAsm|Any CPU
		{B98F5A74-0A8B-4869-9837-91FE8A4703E9}.DumpAsm|Any CPU.Build.0 = DumpAsm|Any CPU
		{B98F5A74-0A8B-4869-9837-91FE8A4703E9}.Release|Any CPU.ActiveCfg = Release|Any CPU
		{B98F5A74-0A8B-4869-9837-91FE8A4703E9}.Release|Any CPU.Build.0 = Release|Any CPU
		{508B05AB-5A93-4C05-B70D-6BEEC1E9E34F}.Debug|Any CPU.ActiveCfg = Debug|Any CPU
		{508B05AB-5A93-4C05-B70D-6BEEC1E9E34F}.Debug|Any CPU.Build.0 = Debug|Any CPU
		{508B05AB-5A93-4C05-B70D-6BEEC1E9E34F}.DumpAsm|Any CPU.ActiveCfg = DumpAsm|Any CPU
		{508B05AB-5A93-4C05-B70D-6BEEC1E9E34F}.DumpAsm|Any CPU.Build.0 = DumpAsm|Any CPU
		{508B05AB-5A93-4C05-B70D-6BEEC1E9E34F}.Release|Any CPU.ActiveCfg = Release|Any CPU
		{508B05AB-5A93-4C05-B70D-6BEEC1E9E34F}.Release|Any CPU.Build.0 = Release|Any CPU
		{EEBF1D0C-9B36-4859-8E6E-FD59409095DB}.Debug|Any CPU.ActiveCfg = Debug|Any CPU
		{EEBF1D0C-9B36-4859-8E6E-FD59409095DB}.Debug|Any CPU.Build.0 = Debug|Any CPU
		{EEBF1D0C-9B36-4859-8E6E-FD59409095DB}.DumpAsm|Any CPU.ActiveCfg = DumpAsm|Any CPU
		{EEBF1D0C-9B36-4859-8E6E-FD59409095DB}.DumpAsm|Any CPU.Build.0 = DumpAsm|Any CPU
		{EEBF1D0C-9B36-4859-8E6E-FD59409095DB}.Release|Any CPU.ActiveCfg = Release|Any CPU
		{EEBF1D0C-9B36-4859-8E6E-FD59409095DB}.Release|Any CPU.Build.0 = Release|Any CPU
		{7311C780-E172-45CE-BF8C-81C9DFFEB5F5}.Debug|Any CPU.ActiveCfg = Debug|Any CPU
		{7311C780-E172-45CE-BF8C-81C9DFFEB5F5}.Debug|Any CPU.Build.0 = Debug|Any CPU
		{7311C780-E172-45CE-BF8C-81C9DFFEB5F5}.DumpAsm|Any CPU.ActiveCfg = DumpAsm|Any CPU
		{7311C780-E172-45CE-BF8C-81C9DFFEB5F5}.DumpAsm|Any CPU.Build.0 = DumpAsm|Any CPU
		{7311C780-E172-45CE-BF8C-81C9DFFEB5F5}.Release|Any CPU.ActiveCfg = Release|Any CPU
		{7311C780-E172-45CE-BF8C-81C9DFFEB5F5}.Release|Any CPU.Build.0 = Release|Any CPU
		{6297FDF5-1F3E-486F-A808-0F1AB9865789}.Debug|Any CPU.ActiveCfg = Debug|Any CPU
		{6297FDF5-1F3E-486F-A808-0F1AB9865789}.Debug|Any CPU.Build.0 = Debug|Any CPU
		{6297FDF5-1F3E-486F-A808-0F1AB9865789}.DumpAsm|Any CPU.ActiveCfg = Debug|Any CPU
		{6297FDF5-1F3E-486F-A808-0F1AB9865789}.DumpAsm|Any CPU.Build.0 = Debug|Any CPU
		{6297FDF5-1F3E-486F-A808-0F1AB9865789}.Release|Any CPU.ActiveCfg = Release|Any CPU
		{6297FDF5-1F3E-486F-A808-0F1AB9865789}.Release|Any CPU.Build.0 = Release|Any CPU
		{D32F3243-0511-4995-BE08-F6F82D8F7C85}.Debug|Any CPU.ActiveCfg = Debug|Any CPU
		{D32F3243-0511-4995-BE08-F6F82D8F7C85}.Debug|Any CPU.Build.0 = Debug|Any CPU
		{D32F3243-0511-4995-BE08-F6F82D8F7C85}.DumpAsm|Any CPU.ActiveCfg = Debug|Any CPU
		{D32F3243-0511-4995-BE08-F6F82D8F7C85}.DumpAsm|Any CPU.Build.0 = Debug|Any CPU
		{D32F3243-0511-4995-BE08-F6F82D8F7C85}.Release|Any CPU.ActiveCfg = Release|Any CPU
		{D32F3243-0511-4995-BE08-F6F82D8F7C85}.Release|Any CPU.Build.0 = Release|Any CPU
		{8F7C9DEC-7B36-4704-A5FE-7B59F766EB67}.Debug|Any CPU.ActiveCfg = Debug|Any CPU
		{8F7C9DEC-7B36-4704-A5FE-7B59F766EB67}.Debug|Any CPU.Build.0 = Debug|Any CPU
		{8F7C9DEC-7B36-4704-A5FE-7B59F766EB67}.DumpAsm|Any CPU.ActiveCfg = DumpAsm|Any CPU
		{8F7C9DEC-7B36-4704-A5FE-7B59F766EB67}.DumpAsm|Any CPU.Build.0 = DumpAsm|Any CPU
		{8F7C9DEC-7B36-4704-A5FE-7B59F766EB67}.Release|Any CPU.ActiveCfg = Release|Any CPU
		{8F7C9DEC-7B36-4704-A5FE-7B59F766EB67}.Release|Any CPU.Build.0 = Release|Any CPU
		{32B23162-7C3E-458B-A721-392B453FF1C5}.Debug|Any CPU.ActiveCfg = Debug|Any CPU
		{32B23162-7C3E-458B-A721-392B453FF1C5}.Debug|Any CPU.Build.0 = Debug|Any CPU
		{32B23162-7C3E-458B-A721-392B453FF1C5}.DumpAsm|Any CPU.ActiveCfg = Debug|Any CPU
		{32B23162-7C3E-458B-A721-392B453FF1C5}.DumpAsm|Any CPU.Build.0 = Debug|Any CPU
		{32B23162-7C3E-458B-A721-392B453FF1C5}.Release|Any CPU.ActiveCfg = Release|Any CPU
		{32B23162-7C3E-458B-A721-392B453FF1C5}.Release|Any CPU.Build.0 = Release|Any CPU
		{E9F023EE-3B1D-411E-AB70-49C895778603}.Debug|Any CPU.ActiveCfg = Debug|Any CPU
		{E9F023EE-3B1D-411E-AB70-49C895778603}.Debug|Any CPU.Build.0 = Debug|Any CPU
		{E9F023EE-3B1D-411E-AB70-49C895778603}.DumpAsm|Any CPU.ActiveCfg = Debug|Any CPU
		{E9F023EE-3B1D-411E-AB70-49C895778603}.DumpAsm|Any CPU.Build.0 = Debug|Any CPU
		{E9F023EE-3B1D-411E-AB70-49C895778603}.Release|Any CPU.ActiveCfg = Release|Any CPU
		{E9F023EE-3B1D-411E-AB70-49C895778603}.Release|Any CPU.Build.0 = Release|Any CPU
		{7D6E2A6A-E085-4733-9E9C-C139A4BA0F98}.Debug|Any CPU.ActiveCfg = Debug|Any CPU
		{7D6E2A6A-E085-4733-9E9C-C139A4BA0F98}.Debug|Any CPU.Build.0 = Debug|Any CPU
		{7D6E2A6A-E085-4733-9E9C-C139A4BA0F98}.DumpAsm|Any CPU.ActiveCfg = Debug|Any CPU
		{7D6E2A6A-E085-4733-9E9C-C139A4BA0F98}.DumpAsm|Any CPU.Build.0 = Debug|Any CPU
		{7D6E2A6A-E085-4733-9E9C-C139A4BA0F98}.Release|Any CPU.ActiveCfg = Release|Any CPU
		{7D6E2A6A-E085-4733-9E9C-C139A4BA0F98}.Release|Any CPU.Build.0 = Release|Any CPU
	EndGlobalSection
	GlobalSection(SolutionProperties) = preSolution
		HideSolutionNode = FALSE
	EndGlobalSection
	GlobalSection(NestedProjects) = preSolution
		{AE4B8434-240D-4AAE-A35D-7BB664271EBC} = {E2F54E97-DBD4-46C9-AE10-0D4394889F25}
		{B98F5A74-0A8B-4869-9837-91FE8A4703E9} = {F1550987-10B3-4D54-8A74-06160EC00F16}
		{508B05AB-5A93-4C05-B70D-6BEEC1E9E34F} = {F1550987-10B3-4D54-8A74-06160EC00F16}
		{EEBF1D0C-9B36-4859-8E6E-FD59409095DB} = {F15575E6-F4A2-4C67-8717-EAB03C5D24BF}
		{7311C780-E172-45CE-BF8C-81C9DFFEB5F5} = {F1550987-10B3-4D54-8A74-06160EC00F16}
		{6297FDF5-1F3E-486F-A808-0F1AB9865789} = {E2F54E97-DBD4-46C9-AE10-0D4394889F25}
		{D32F3243-0511-4995-BE08-F6F82D8F7C85} = {E2F54E97-DBD4-46C9-AE10-0D4394889F25}
		{8F7C9DEC-7B36-4704-A5FE-7B59F766EB67} = {F1550987-10B3-4D54-8A74-06160EC00F16}
		{32B23162-7C3E-458B-A721-392B453FF1C5} = {E2F54E97-DBD4-46C9-AE10-0D4394889F25}
		{E9F023EE-3B1D-411E-AB70-49C895778603} = {E2F54E97-DBD4-46C9-AE10-0D4394889F25}
		{7D6E2A6A-E085-4733-9E9C-C139A4BA0F98} = {E2F54E97-DBD4-46C9-AE10-0D4394889F25}
	EndGlobalSection
	GlobalSection(ExtensibilityGlobals) = postSolution
		SolutionGuid = {B746BCB5-7190-4187-A08B-0D1714A61F70}
	EndGlobalSection
EndGlobal
