
Microsoft Visual Studio Solution File, Format Version 12.00
Project("{FAE04EC0-301F-11D3-BF4B-00C04F79EFBC}") = "DocGenerator", "DocGenerator\DocGenerator.csproj", "{CA294A8E-DD3D-48EE-8EE2-A9D4461BD5B5}"
EndProject
Project("{FAE04EC0-301F-11D3-BF4B-00C04F79EFBC}") = "Elasticsearch.Net", "..\Elasticsearch.Net\Elasticsearch.Net.csproj", "{3EDAD606-EA29-4F03-B4A1-F301542C9C77}"
EndProject
Project("{FAE04EC0-301F-11D3-BF4B-00C04F79EFBC}") = "Nest", "..\Nest\Nest.csproj", "{D9E18A91-86F1-4F55-8AC6-015EAB4D3360}"
EndProject
Project("{FAE04EC0-301F-11D3-BF4B-00C04F79EFBC}") = "Tests", "..\Tests\Tests\Tests.csproj", "{C268FDAD-F6A6-479D-A1DC-10A5DE67A076}"
EndProject
Global
	GlobalSection(SolutionConfigurationPlatforms) = preSolution
		Debug|Any CPU = Debug|Any CPU
		Release|Any CPU = Release|Any CPU
	EndGlobalSection
	GlobalSection(ProjectConfigurationPlatforms) = postSolution
		{CA294A8E-DD3D-48EE-8EE2-A9D4461BD5B5}.Debug|Any CPU.ActiveCfg = Debug|Any CPU
		{CA294A8E-DD3D-48EE-8EE2-A9D4461BD5B5}.Debug|Any CPU.Build.0 = Debug|Any CPU
		{CA294A8E-DD3D-48EE-8EE2-A9D4461BD5B5}.Release|Any CPU.ActiveCfg = Release|Any CPU
		{CA294A8E-DD3D-48EE-8EE2-A9D4461BD5B5}.Release|Any CPU.Build.0 = Release|Any CPU
		{3EDAD606-EA29-4F03-B4A1-F301542C9C77}.Debug|Any CPU.ActiveCfg = Debug|Any CPU
		{3EDAD606-EA29-4F03-B4A1-F301542C9C77}.Debug|Any CPU.Build.0 = Debug|Any CPU
		{3EDAD606-EA29-4F03-B4A1-F301542C9C77}.Release|Any CPU.ActiveCfg = Release|Any CPU
		{3EDAD606-EA29-4F03-B4A1-F301542C9C77}.Release|Any CPU.Build.0 = Release|Any CPU
		{D9E18A91-86F1-4F55-8AC6-015EAB4D3360}.Debug|Any CPU.ActiveCfg = Debug|Any CPU
		{D9E18A91-86F1-4F55-8AC6-015EAB4D3360}.Debug|Any CPU.Build.0 = Debug|Any CPU
		{D9E18A91-86F1-4F55-8AC6-015EAB4D3360}.Release|Any CPU.ActiveCfg = Release|Any CPU
		{D9E18A91-86F1-4F55-8AC6-015EAB4D3360}.Release|Any CPU.Build.0 = Release|Any CPU
		{C268FDAD-F6A6-479D-A1DC-10A5DE67A076}.Debug|Any CPU.ActiveCfg = Debug|Any CPU
		{C268FDAD-F6A6-479D-A1DC-10A5DE67A076}.Debug|Any CPU.Build.0 = Debug|Any CPU
		{C268FDAD-F6A6-479D-A1DC-10A5DE67A076}.Release|Any CPU.ActiveCfg = Release|Any CPU
		{C268FDAD-F6A6-479D-A1DC-10A5DE67A076}.Release|Any CPU.Build.0 = Release|Any CPU
	EndGlobalSection
EndGlobal
