
Microsoft Visual Studio Solution File, Format Version 12.00
# Visual Studio 15
VisualStudioVersion = 15.0.27130.2003
MinimumVisualStudioVersion = 10.0.40219.1
Project("{2150E333-8FDC-42A3-9474-1A3956D46DE8}") = "_Build", "_Build", "{432D5575-2347-4D3C-BF8C-3E38410C46CA}"
	ProjectSection(SolutionItems) = preProject
		..\.editorconfig = ..\.editorconfig
		..\.gitignore = ..\.gitignore
		..\.travis.yml = ..\.travis.yml
		..\appveyor.yml = ..\appveyor.yml
		..\build.bat = ..\build.bat
		..\build.sh = ..\build.sh
		..\build\Clients.Common.targets = ..\build\Clients.Common.targets
		..\contributing.md = ..\contributing.md
		..\build\Elasticsearch.Net.nuspec = ..\build\Elasticsearch.Net.nuspec
		..\global.json = ..\global.json
		..\license.txt = ..\license.txt
		..\build\NEST.JsonNetSerializer.nuspec = ..\build\NEST.JsonNetSerializer.nuspec
		..\build\NEST.nuspec = ..\build\NEST.nuspec
		..\NuGet.config = ..\NuGet.config
		..\paket.bat = ..\paket.bat
		..\paket.dependencies = ..\paket.dependencies
		..\readme.md = ..\readme.md
		outputpath.props = outputpath.props
		..\build\Elasticsearch.Net.Connections.HttpWebRequestConnection.nuspec = ..\build\Elasticsearch.Net.Connections.HttpWebRequestConnection.nuspec
	EndProjectSection
EndProject
Project("{2150E333-8FDC-42A3-9474-1A3956D46DE8}") = "CodeGeneration", "CodeGeneration", "{93331BEE-0AA0-47B7-B1D2-BD5BD31634D1}"
EndProject
Project("{2150E333-8FDC-42A3-9474-1A3956D46DE8}") = "Serializers", "Serializers", "{14241027-0A92-466D-B024-E0063F338915}"
EndProject
Project("{9A19103F-16F7-4668-BE54-9A1E7A4F7556}") = "Nest", "Nest\Nest.csproj", "{072BA7DA-7B60-407D-8B6E-95E3186BE70C}"
EndProject
Project("{9A19103F-16F7-4668-BE54-9A1E7A4F7556}") = "ApiGenerator", "CodeGeneration\ApiGenerator\ApiGenerator.csproj", "{56A87048-9065-459B-826D-3DF68B409845}"
EndProject
Project("{9A19103F-16F7-4668-BE54-9A1E7A4F7556}") = "Elasticsearch.Net", "Elasticsearch.Net\Elasticsearch.Net.csproj", "{E97CCF40-0BA6-43FE-9F2D-58D454134088}"
EndProject
Project("{F2A71F9B-5D33-465A-A702-920D77279786}") = "scripts", "..\build\scripts\scripts.fsproj", "{D6997ADC-E933-418E-831C-DE1A78897493}"
EndProject
Project("{9A19103F-16F7-4668-BE54-9A1E7A4F7556}") = "Tests", "Tests\Tests.csproj", "{37164C11-88EF-4428-803A-9AA24FB8B44D}"
EndProject
Project("{9A19103F-16F7-4668-BE54-9A1E7A4F7556}") = "DocGenerator", "CodeGeneration\DocGenerator\DocGenerator.csproj", "{98400F59-4BA8-4534-9A78-9C7FA0B42901}"
EndProject
Project("{FAE04EC0-301F-11D3-BF4B-00C04F79EFBC}") = "Nest.JsonNetSerializer", "Serializers\Nest.JsonNetSerializer\Nest.JsonNetSerializer.csproj", "{CDC8DEC8-3872-4337-9C40-9CDE5724BBDD}"
EndProject
Project("{2150E333-8FDC-42A3-9474-1A3956D46DE8}") = "Connections", "Connections", "{694887B9-6687-4AB1-BE30-2877656DF55D}"
EndProject
Project("{FAE04EC0-301F-11D3-BF4B-00C04F79EFBC}") = "Elasticsearch.Net.Connections.HttpWebRequestConnection", "Connections\Elasticsearch.Net.Connections.HttpWebRequestConnection\Elasticsearch.Net.Connections.HttpWebRequestConnection.csproj", "{A44DBED2-D976-4CDE-8E26-DC60B49EF92F}"
EndProject
Global
	GlobalSection(SolutionConfigurationPlatforms) = preSolution
		Debug|Any CPU = Debug|Any CPU
		Release|Any CPU = Release|Any CPU
	EndGlobalSection
	GlobalSection(ProjectConfigurationPlatforms) = postSolution
		{072BA7DA-7B60-407D-8B6E-95E3186BE70C}.Debug|Any CPU.ActiveCfg = Debug|Any CPU
		{072BA7DA-7B60-407D-8B6E-95E3186BE70C}.Debug|Any CPU.Build.0 = Debug|Any CPU
		{072BA7DA-7B60-407D-8B6E-95E3186BE70C}.Release|Any CPU.ActiveCfg = Release|Any CPU
		{072BA7DA-7B60-407D-8B6E-95E3186BE70C}.Release|Any CPU.Build.0 = Release|Any CPU
		{56A87048-9065-459B-826D-3DF68B409845}.Debug|Any CPU.ActiveCfg = Debug|Any CPU
		{56A87048-9065-459B-826D-3DF68B409845}.Debug|Any CPU.Build.0 = Debug|Any CPU
		{56A87048-9065-459B-826D-3DF68B409845}.Release|Any CPU.ActiveCfg = Release|Any CPU
		{56A87048-9065-459B-826D-3DF68B409845}.Release|Any CPU.Build.0 = Release|Any CPU
		{E97CCF40-0BA6-43FE-9F2D-58D454134088}.Debug|Any CPU.ActiveCfg = Debug|Any CPU
		{E97CCF40-0BA6-43FE-9F2D-58D454134088}.Debug|Any CPU.Build.0 = Debug|Any CPU
		{E97CCF40-0BA6-43FE-9F2D-58D454134088}.Release|Any CPU.ActiveCfg = Release|Any CPU
		{E97CCF40-0BA6-43FE-9F2D-58D454134088}.Release|Any CPU.Build.0 = Release|Any CPU
		{D6997ADC-E933-418E-831C-DE1A78897493}.Debug|Any CPU.ActiveCfg = Debug|Any CPU
		{D6997ADC-E933-418E-831C-DE1A78897493}.Release|Any CPU.ActiveCfg = Release|Any CPU
		{37164C11-88EF-4428-803A-9AA24FB8B44D}.Debug|Any CPU.ActiveCfg = Debug|Any CPU
		{37164C11-88EF-4428-803A-9AA24FB8B44D}.Debug|Any CPU.Build.0 = Debug|Any CPU
		{37164C11-88EF-4428-803A-9AA24FB8B44D}.Release|Any CPU.ActiveCfg = Release|Any CPU
		{37164C11-88EF-4428-803A-9AA24FB8B44D}.Release|Any CPU.Build.0 = Release|Any CPU
		{98400F59-4BA8-4534-9A78-9C7FA0B42901}.Debug|Any CPU.ActiveCfg = Debug|Any CPU
		{98400F59-4BA8-4534-9A78-9C7FA0B42901}.Debug|Any CPU.Build.0 = Debug|Any CPU
		{98400F59-4BA8-4534-9A78-9C7FA0B42901}.Release|Any CPU.ActiveCfg = Release|Any CPU
		{98400F59-4BA8-4534-9A78-9C7FA0B42901}.Release|Any CPU.Build.0 = Release|Any CPU
		{CDC8DEC8-3872-4337-9C40-9CDE5724BBDD}.Debug|Any CPU.ActiveCfg = Debug|Any CPU
		{CDC8DEC8-3872-4337-9C40-9CDE5724BBDD}.Debug|Any CPU.Build.0 = Debug|Any CPU
		{CDC8DEC8-3872-4337-9C40-9CDE5724BBDD}.Release|Any CPU.ActiveCfg = Release|Any CPU
		{CDC8DEC8-3872-4337-9C40-9CDE5724BBDD}.Release|Any CPU.Build.0 = Release|Any CPU
		{A44DBED2-D976-4CDE-8E26-DC60B49EF92F}.Debug|Any CPU.ActiveCfg = Debug|Any CPU
		{A44DBED2-D976-4CDE-8E26-DC60B49EF92F}.Debug|Any CPU.Build.0 = Debug|Any CPU
		{A44DBED2-D976-4CDE-8E26-DC60B49EF92F}.Release|Any CPU.ActiveCfg = Release|Any CPU
		{A44DBED2-D976-4CDE-8E26-DC60B49EF92F}.Release|Any CPU.Build.0 = Release|Any CPU
	EndGlobalSection
	GlobalSection(SolutionProperties) = preSolution
		HideSolutionNode = FALSE
	EndGlobalSection
	GlobalSection(NestedProjects) = preSolution
		{56A87048-9065-459B-826D-3DF68B409845} = {93331BEE-0AA0-47B7-B1D2-BD5BD31634D1}
		{D6997ADC-E933-418E-831C-DE1A78897493} = {432D5575-2347-4D3C-BF8C-3E38410C46CA}
		{98400F59-4BA8-4534-9A78-9C7FA0B42901} = {93331BEE-0AA0-47B7-B1D2-BD5BD31634D1}
		{CDC8DEC8-3872-4337-9C40-9CDE5724BBDD} = {14241027-0A92-466D-B024-E0063F338915}
		{A44DBED2-D976-4CDE-8E26-DC60B49EF92F} = {694887B9-6687-4AB1-BE30-2877656DF55D}
	EndGlobalSection
	GlobalSection(ExtensibilityGlobals) = postSolution
		SolutionGuid = {B3427E39-0C06-4A56-88E2-DCB730B82785}
	EndGlobalSection
EndGlobal
