Microsoft Visual Studio Solution File, Format Version 12.00
# Visual Studio 14
VisualStudioVersion = 14.0.24720.0
MinimumVisualStudioVersion = 10.0.40219.1
Project("{FAE04EC0-301F-11D3-BF4B-00C04F79EFBC}") = "Nest", "Nest\Nest.csproj", "{072BA7DA-7B60-407D-8B6E-95E3186BE70C}"
EndProject
Project("{2150E333-8FDC-42A3-9474-1A3956D46DE8}") = "_Build", "_Build", "{432D5575-2347-4D3C-BF8C-3E38410C46CA}"
	ProjectSection(SolutionItems) = preProject
		..\.deployment = ..\.deployment
		..\.editorconfig = ..\.editorconfig
		..\.gitignore = ..\.gitignore
		..\.travis.yml = ..\.travis.yml
		..\build.bat = ..\build.bat
		..\build.sh = ..\build.sh
		..\contributing.md = ..\contributing.md
		..\build\Elasticsearch.Net.nuspec = ..\build\Elasticsearch.Net.nuspec
		..\license.txt = ..\license.txt
		..\build\NEST.nuspec = ..\build\NEST.nuspec
		..\paket.bat = ..\paket.bat
		..\paket.dependencies = ..\paket.dependencies
		..\readme.md = ..\readme.md
	EndProjectSection
EndProject
Project("{2150E333-8FDC-42A3-9474-1A3956D46DE8}") = "Code Generation", "Code Generation", "{93331BEE-0AA0-47B7-B1D2-BD5BD31634D1}"
EndProject
Project("{FAE04EC0-301F-11D3-BF4B-00C04F79EFBC}") = "CodeGeneration.LowLevelClient", "CodeGeneration\CodeGeneration.LowLevelClient\CodeGeneration.LowLevelClient.csproj", "{56A87048-9065-459B-826D-3DF68B409845}"
EndProject
Project("{FAE04EC0-301F-11D3-BF4B-00C04F79EFBC}") = "Elasticsearch.Net", "Elasticsearch.Net\Elasticsearch.Net.csproj", "{E97CCF40-0BA6-43FE-9F2D-58D454134088}"
EndProject
Project("{F2A71F9B-5D33-465A-A702-920D77279786}") = "scripts", "..\build\scripts\scripts.fsproj", "{28328694-2598-44D3-BB25-8B6C3FBDD3EF}"
EndProject
Project("{FAE04EC0-301F-11D3-BF4B-00C04F79EFBC}") = "Tests", "Tests\Tests.csproj", "{37164C11-88EF-4428-803A-9AA24FB8B44D}"
EndProject
Project("{FAE04EC0-301F-11D3-BF4B-00C04F79EFBC}") = "Nest.Litterateur", "CodeGeneration\Nest.Litterateur\Nest.Litterateur.csproj", "{98400F59-4BA8-4534-9A78-9C7FA0B42901}"
EndProject
Project("{2150E333-8FDC-42A3-9474-1A3956D46DE8}") = "Performance", "Performance", "{71B3D359-87E2-4F62-82A2-A624DD3BF402}"
EndProject
Project("{FAE04EC0-301F-11D3-BF4B-00C04F79EFBC}") = "Benchmarking", "Benchmarking\Benchmarking.csproj", "{9BB0AB7E-F08E-4D3E-A9E7-7C71318E8666}"
EndProject
Project("{FAE04EC0-301F-11D3-BF4B-00C04F79EFBC}") = "Profiling", "Profiling\Profiling.csproj", "{523B5383-B67D-462F-825D-FAE057E6B17D}"
EndProject
Global
	GlobalSection(SolutionConfigurationPlatforms) = preSolution
		Debug|Any CPU = Debug|Any CPU
		Release|Any CPU = Release|Any CPU
	EndGlobalSection
	GlobalSection(ProjectConfigurationPlatforms) = postSolution
		{072BA7DA-7B60-407D-8B6E-95E3186BE70C}.Debug|Any CPU.ActiveCfg = Debug|Any CPU
		{072BA7DA-7B60-407D-8B6E-95E3186BE70C}.Debug|Any CPU.Build.0 = Debug|Any CPU
		{072BA7DA-7B60-407D-8B6E-95E3186BE70C}.Release|Any CPU.ActiveCfg = Release|Any CPU
		{072BA7DA-7B60-407D-8B6E-95E3186BE70C}.Release|Any CPU.Build.0 = Release|Any CPU
		{56A87048-9065-459B-826D-3DF68B409845}.Debug|Any CPU.ActiveCfg = Debug|Any CPU
		{56A87048-9065-459B-826D-3DF68B409845}.Debug|Any CPU.Build.0 = Debug|Any CPU
		{56A87048-9065-459B-826D-3DF68B409845}.Release|Any CPU.ActiveCfg = Release|Any CPU
		{56A87048-9065-459B-826D-3DF68B409845}.Release|Any CPU.Build.0 = Release|Any CPU
		{E97CCF40-0BA6-43FE-9F2D-58D454134088}.Debug|Any CPU.ActiveCfg = Debug|Any CPU
		{E97CCF40-0BA6-43FE-9F2D-58D454134088}.Debug|Any CPU.Build.0 = Debug|Any CPU
		{E97CCF40-0BA6-43FE-9F2D-58D454134088}.Release|Any CPU.ActiveCfg = Release|Any CPU
		{E97CCF40-0BA6-43FE-9F2D-58D454134088}.Release|Any CPU.Build.0 = Release|Any CPU
		{28328694-2598-44D3-BB25-8B6C3FBDD3EF}.Debug|Any CPU.ActiveCfg = Debug|Any CPU
		{28328694-2598-44D3-BB25-8B6C3FBDD3EF}.Release|Any CPU.ActiveCfg = Release|Any CPU
		{37164C11-88EF-4428-803A-9AA24FB8B44D}.Debug|Any CPU.ActiveCfg = Debug|Any CPU
		{37164C11-88EF-4428-803A-9AA24FB8B44D}.Debug|Any CPU.Build.0 = Debug|Any CPU
		{37164C11-88EF-4428-803A-9AA24FB8B44D}.Release|Any CPU.ActiveCfg = Release|Any CPU
		{37164C11-88EF-4428-803A-9AA24FB8B44D}.Release|Any CPU.Build.0 = Release|Any CPU
		{98400F59-4BA8-4534-9A78-9C7FA0B42901}.Debug|Any CPU.ActiveCfg = Debug|Any CPU
		{98400F59-4BA8-4534-9A78-9C7FA0B42901}.Debug|Any CPU.Build.0 = Debug|Any CPU
		{98400F59-4BA8-4534-9A78-9C7FA0B42901}.Release|Any CPU.ActiveCfg = Release|Any CPU
		{98400F59-4BA8-4534-9A78-9C7FA0B42901}.Release|Any CPU.Build.0 = Release|Any CPU
		{9BB0AB7E-F08E-4D3E-A9E7-7C71318E8666}.Debug|Any CPU.ActiveCfg = Debug|Any CPU
		{9BB0AB7E-F08E-4D3E-A9E7-7C71318E8666}.Debug|Any CPU.Build.0 = Debug|Any CPU
		{9BB0AB7E-F08E-4D3E-A9E7-7C71318E8666}.Release|Any CPU.ActiveCfg = Release|Any CPU
		{9BB0AB7E-F08E-4D3E-A9E7-7C71318E8666}.Release|Any CPU.Build.0 = Release|Any CPU
		{523B5383-B67D-462F-825D-FAE057E6B17D}.Debug|Any CPU.ActiveCfg = Debug|Any CPU
		{523B5383-B67D-462F-825D-FAE057E6B17D}.Debug|Any CPU.Build.0 = Debug|Any CPU
		{523B5383-B67D-462F-825D-FAE057E6B17D}.Release|Any CPU.ActiveCfg = Release|Any CPU
		{523B5383-B67D-462F-825D-FAE057E6B17D}.Release|Any CPU.Build.0 = Release|Any CPU
	EndGlobalSection
	GlobalSection(SolutionProperties) = preSolution
		HideSolutionNode = FALSE
	EndGlobalSection
	GlobalSection(NestedProjects) = preSolution
		{56A87048-9065-459B-826D-3DF68B409845} = {93331BEE-0AA0-47B7-B1D2-BD5BD31634D1}
		{28328694-2598-44D3-BB25-8B6C3FBDD3EF} = {432D5575-2347-4D3C-BF8C-3E38410C46CA}
		{98400F59-4BA8-4534-9A78-9C7FA0B42901} = {93331BEE-0AA0-47B7-B1D2-BD5BD31634D1}
		{9BB0AB7E-F08E-4D3E-A9E7-7C71318E8666} = {71B3D359-87E2-4F62-82A2-A624DD3BF402}
		{523B5383-B67D-462F-825D-FAE057E6B17D} = {71B3D359-87E2-4F62-82A2-A624DD3BF402}
	EndGlobalSection
EndGlobal
