
Microsoft Visual Studio Solution File, Format Version 11.00
# Visual Studio 2010
Project("{FAE04EC0-301F-11D3-BF4B-00C04F79EFBC}") = "ElasticSearch.Client", "ElasticSearch.Client\ElasticSearch.Client.csproj", "{072BA7DA-7B60-407D-8B6E-95E3186BE70C}"
EndProject
Project("{FAE04EC0-301F-11D3-BF4B-00C04F79EFBC}") = "ElasticSearch.DSL", "ElasticSearch.DSL\ElasticSearch.DSL.csproj", "{4915CF8F-BB45-43EB-8EAD-5DC692BBBFF8}"
EndProject
Project("{FAE04EC0-301F-11D3-BF4B-00C04F79EFBC}") = "ElasticSearch.ConsolePlayground", "ElasticSearch.ConsolePlayground\ElasticSearch.ConsolePlayground.csproj", "{DDD6693D-A165-45F1-8638-B7EC037CF6F6}"
EndProject
Global
	GlobalSection(SolutionConfigurationPlatforms) = preSolution
		Debug|Any CPU = Debug|Any CPU
		Release|Any CPU = Release|Any CPU
	EndGlobalSection
	GlobalSection(ProjectConfigurationPlatforms) = postSolution
		{072BA7DA-7B60-407D-8B6E-95E3186BE70C}.Debug|Any CPU.ActiveCfg = Debug|Any CPU
		{072BA7DA-7B60-407D-8B6E-95E3186BE70C}.Debug|Any CPU.Build.0 = Debug|Any CPU
		{072BA7DA-7B60-407D-8B6E-95E3186BE70C}.Release|Any CPU.ActiveCfg = Release|Any CPU
		{072BA7DA-7B60-407D-8B6E-95E3186BE70C}.Release|Any CPU.Build.0 = Release|Any CPU
		{4915CF8F-BB45-43EB-8EAD-5DC692BBBFF8}.Debug|Any CPU.ActiveCfg = Debug|Any CPU
		{4915CF8F-BB45-43EB-8EAD-5DC692BBBFF8}.Debug|Any CPU.Build.0 = Debug|Any CPU
		{4915CF8F-BB45-43EB-8EAD-5DC692BBBFF8}.Release|Any CPU.ActiveCfg = Release|Any CPU
		{4915CF8F-BB45-43EB-8EAD-5DC692BBBFF8}.Release|Any CPU.Build.0 = Release|Any CPU
		{DDD6693D-A165-45F1-8638-B7EC037CF6F6}.Debug|Any CPU.ActiveCfg = Debug|Any CPU
		{DDD6693D-A165-45F1-8638-B7EC037CF6F6}.Debug|Any CPU.Build.0 = Debug|Any CPU
		{DDD6693D-A165-45F1-8638-B7EC037CF6F6}.Release|Any CPU.ActiveCfg = Release|Any CPU
		{DDD6693D-A165-45F1-8638-B7EC037CF6F6}.Release|Any CPU.Build.0 = Release|Any CPU
	EndGlobalSection
	GlobalSection(SolutionProperties) = preSolution
		HideSolutionNode = FALSE
	EndGlobalSection
EndGlobal
