
Microsoft Visual Studio Solution File, Format Version 12.00
# Visual Studio 14
VisualStudioVersion = 14.0.22129.1
MinimumVisualStudioVersion = 10.0.40219.1
Project("{8BB2217D-0F2D-49D1-97BC-3654ED321F3B}") = "Nest", "Nest\Nest.kproj", "{92B40C08-3900-4E40-BD5C-F6BC397EB01D}"
EndProject
Project("{2150E333-8FDC-42A3-9474-1A3956D46DE8}") = "Solution Items", "Solution Items", "{502811A6-D67C-4CDF-8A58-EBD09B43FB28}"
	ProjectSection(SolutionItems) = preProject
		global.json = global.json
	EndProjectSection
EndProject
Project("{8BB2217D-0F2D-49D1-97BC-3654ED321F3B}") = "Elasticsearch.Net", "Elasticsearch.Net\Elasticsearch.Net.kproj", "{5214B8F3-5E05-45C7-8D43-B421CAF0ACB9}"
EndProject
Project("{8BB2217D-0F2D-49D1-97BC-3654ED321F3B}") = "Elasticsearch.Net.JsonNET", "Serialization\Elasticsearch.Net.JsonNET\Elasticsearch.Net.JsonNET.kproj", "{085732EE-2EF8-40A2-A2A3-A30317F1E3FC}"
EndProject
Project("{8BB2217D-0F2D-49D1-97BC-3654ED321F3B}") = "Elasticsearch.Net.Connection.HttpClient", "Connections\Elasticsearch.Net.Connection.HttpClient\Elasticsearch.Net.Connection.HttpClient.kproj", "{FA586396-1553-41CF-8313-B9ECB83AB42B}"
EndProject
Project("{8BB2217D-0F2D-49D1-97BC-3654ED321F3B}") = "Elasticsearch.Net.Connection.Thrift", "Connections\Elasticsearch.Net.Connection.Thrift\Elasticsearch.Net.Connection.Thrift.kproj", "{8D03D981-8F49-4FC2-B01A-661FDC9F69A0}"
EndProject
Global
	GlobalSection(SolutionConfigurationPlatforms) = preSolution
		Debug|Any CPU = Debug|Any CPU
		Release|Any CPU = Release|Any CPU
	EndGlobalSection
	GlobalSection(ProjectConfigurationPlatforms) = postSolution
		{92B40C08-3900-4E40-BD5C-F6BC397EB01D}.Debug|Any CPU.ActiveCfg = Debug|Any CPU
		{92B40C08-3900-4E40-BD5C-F6BC397EB01D}.Debug|Any CPU.Build.0 = Debug|Any CPU
		{92B40C08-3900-4E40-BD5C-F6BC397EB01D}.Release|Any CPU.ActiveCfg = Release|Any CPU
		{92B40C08-3900-4E40-BD5C-F6BC397EB01D}.Release|Any CPU.Build.0 = Release|Any CPU
		{5214B8F3-5E05-45C7-8D43-B421CAF0ACB9}.Debug|Any CPU.ActiveCfg = Debug|Any CPU
		{5214B8F3-5E05-45C7-8D43-B421CAF0ACB9}.Debug|Any CPU.Build.0 = Debug|Any CPU
		{5214B8F3-5E05-45C7-8D43-B421CAF0ACB9}.Release|Any CPU.ActiveCfg = Release|Any CPU
		{5214B8F3-5E05-45C7-8D43-B421CAF0ACB9}.Release|Any CPU.Build.0 = Release|Any CPU
		{085732EE-2EF8-40A2-A2A3-A30317F1E3FC}.Debug|Any CPU.ActiveCfg = Debug|Any CPU
		{085732EE-2EF8-40A2-A2A3-A30317F1E3FC}.Debug|Any CPU.Build.0 = Debug|Any CPU
		{085732EE-2EF8-40A2-A2A3-A30317F1E3FC}.Release|Any CPU.ActiveCfg = Release|Any CPU
		{085732EE-2EF8-40A2-A2A3-A30317F1E3FC}.Release|Any CPU.Build.0 = Release|Any CPU
		{FA586396-1553-41CF-8313-B9ECB83AB42B}.Debug|Any CPU.ActiveCfg = Debug|Any CPU
		{FA586396-1553-41CF-8313-B9ECB83AB42B}.Debug|Any CPU.Build.0 = Debug|Any CPU
		{FA586396-1553-41CF-8313-B9ECB83AB42B}.Release|Any CPU.ActiveCfg = Release|Any CPU
		{FA586396-1553-41CF-8313-B9ECB83AB42B}.Release|Any CPU.Build.0 = Release|Any CPU
		{8D03D981-8F49-4FC2-B01A-661FDC9F69A0}.Debug|Any CPU.ActiveCfg = Debug|Any CPU
		{8D03D981-8F49-4FC2-B01A-661FDC9F69A0}.Debug|Any CPU.Build.0 = Debug|Any CPU
		{8D03D981-8F49-4FC2-B01A-661FDC9F69A0}.Release|Any CPU.ActiveCfg = Release|Any CPU
		{8D03D981-8F49-4FC2-B01A-661FDC9F69A0}.Release|Any CPU.Build.0 = Release|Any CPU
	EndGlobalSection
	GlobalSection(SolutionProperties) = preSolution
		HideSolutionNode = FALSE
	EndGlobalSection
EndGlobal
