
Microsoft Visual Studio Solution File, Format Version 12.00
# Visual Studio 15
VisualStudioVersion = 15.0.27130.2003
MinimumVisualStudioVersion = 10.0.40219.1
Project("{2150E333-8FDC-42A3-9474-1A3956D46DE8}") = "RelatedFiles", "RelatedFiles", "{432D5575-2347-4D3C-BF8C-3E38410C46CA}"
	ProjectSection(SolutionItems) = preProject
		..\src\PublishArtifacts.build.props = ..\src\PublishArtifacts.build.props
		..\src\Artifacts.build.props = ..\src\Artifacts.build.props
		..\src\Library.build.props = ..\src\Library.build.props
		Directory.Build.props = Directory.Build.props
		Tests.build.props = Tests.build.props
	EndProjectSection
EndProject
Project("{2150E333-8FDC-42A3-9474-1A3956D46DE8}") = "CodeGeneration", "CodeGeneration", "{93331BEE-0AA0-47B7-B1D2-BD5BD31634D1}"
EndProject
Project("{2150E333-8FDC-42A3-9474-1A3956D46DE8}") = "Auxiliary", "Auxiliary", "{14241027-0A92-466D-B024-E0063F338915}"
EndProject
Project("{9A19103F-16F7-4668-BE54-9A1E7A4F7556}") = "Nest", "Nest\Nest.csproj", "{072BA7DA-7B60-407D-8B6E-95E3186BE70C}"
EndProject
Project("{9A19103F-16F7-4668-BE54-9A1E7A4F7556}") = "ApiGenerator", "CodeGeneration\ApiGenerator\ApiGenerator.csproj", "{56A87048-9065-459B-826D-3DF68B409845}"
EndProject
Project("{9A19103F-16F7-4668-BE54-9A1E7A4F7556}") = "Elasticsearch.Net", "Elasticsearch.Net\Elasticsearch.Net.csproj", "{E97CCF40-0BA6-43FE-9F2D-58D454134088}"
EndProject
Project("{F2A71F9B-5D33-465A-A702-920D77279786}") = "scripts", "..\build\scripts\scripts.fsproj", "{D6997ADC-E933-418E-831C-DE1A78897493}"
EndProject
Project("{9A19103F-16F7-4668-BE54-9A1E7A4F7556}") = "DocGenerator", "CodeGeneration\DocGenerator\DocGenerator.csproj", "{98400F59-4BA8-4534-9A78-9C7FA0B42901}"
EndProject
Project("{FAE04EC0-301F-11D3-BF4B-00C04F79EFBC}") = "Nest.JsonNetSerializer", "Auxiliary\Nest.JsonNetSerializer\Nest.JsonNetSerializer.csproj", "{CDC8DEC8-3872-4337-9C40-9CDE5724BBDD}"
EndProject
Project("{2150E333-8FDC-42A3-9474-1A3956D46DE8}") = "Tests", "Tests", "{6C4A2627-AF22-4388-9DF7-7A9AEACFD635}"
ProjectSection(SolutionItems) = preProject
	Tests\Directory.Build.props = Tests\Directory.Build.props
EndProjectSection
EndProject
Project("{FAE04EC0-301F-11D3-BF4B-00C04F79EFBC}") = "Tests", "Tests\Tests\Tests.csproj", "{5B393962-7586-49BA-BD99-3B1E35F48E94}"
EndProject
Project("{FAE04EC0-301F-11D3-BF4B-00C04F79EFBC}") = "Tests.Benchmarking", "Tests\Tests.Benchmarking\Tests.Benchmarking.csproj", "{BAA9802A-A664-4DB7-9A34-5FA84BEBDF81}"
EndProject
Project("{FAE04EC0-301F-11D3-BF4B-00C04F79EFBC}") = "Tests.ClusterLauncher", "Tests\Tests.ClusterLauncher\Tests.ClusterLauncher.csproj", "{AC554BF8-8ED9-4C45-BB65-8833219CAC93}"
EndProject
Project("{FAE04EC0-301F-11D3-BF4B-00C04F79EFBC}") = "Tests.Configuration", "Tests\Tests.Configuration\Tests.Configuration.csproj", "{0944B296-9B37-4BFD-89C8-1C9CEAAF1132}"
EndProject
Project("{FAE04EC0-301F-11D3-BF4B-00C04F79EFBC}") = "Tests.Core", "Tests\Tests.Core\Tests.Core.csproj", "{C1B09F39-9492-47AA-98D8-D82EF325079B}"
EndProject
Project("{FAE04EC0-301F-11D3-BF4B-00C04F79EFBC}") = "Tests.Domain", "Tests\Tests.Domain\Tests.Domain.csproj", "{1CBF00F0-C082-4C6F-BF4B-AE41FEE122D7}"
EndProject
Project("{FAE04EC0-301F-11D3-BF4B-00C04F79EFBC}") = "Tests.Reproduce", "Tests\Tests.Reproduce\Tests.Reproduce.csproj", "{30FB80AE-3B37-4FBB-8450-9666969EEE1A}"
EndProject
Project("{FAE04EC0-301F-11D3-BF4B-00C04F79EFBC}") = "Tests.ScratchPad", "Tests\Tests.ScratchPad\Tests.ScratchPad.csproj", "{CE7AC1D4-15AF-47FB-83FA-F7137DFD9076}"
EndProject
Project("{2150E333-8FDC-42A3-9474-1A3956D46DE8}") = "Root", "Root", "{EAE89579-CCA9-45CE-AF83-3DCD98690EA8}"
ProjectSection(SolutionItems) = preProject
	..\.editorconfig = ..\.editorconfig
	..\.gitignore = ..\.gitignore
	..\appveyor.yml = ..\appveyor.yml
	..\global.json = ..\global.json
	..\azure-pipelines.yml = ..\azure-pipelines.yml
	Elasticsearch.sln.DotSettings = Elasticsearch.sln.DotSettings
EndProjectSection
EndProject
Project("{2150E333-8FDC-42A3-9474-1A3956D46DE8}") = "Nuget", "Nuget", "{C7865979-1D1C-46AF-BDE8-1DA6F3ED81B3}"
ProjectSection(SolutionItems) = preProject
	..\build\NEST.JsonNetSerializer.nuspec = ..\build\NEST.JsonNetSerializer.nuspec
	..\build\NEST.nuspec = ..\build\NEST.nuspec
	..\nuget.config = ..\nuget.config
	..\build\Elasticsearch.Net.nuspec = ..\build\Elasticsearch.Net.nuspec
	..\build\Elasticsearch.Net.VirtualizedCluster.nuspec = ..\build\Elasticsearch.Net.VirtualizedCluster.nuspec
EndProjectSection
EndProject
Project("{2150E333-8FDC-42A3-9474-1A3956D46DE8}") = "Markdown", "Markdown", "{2FABB663-F4DB-499A-89F8-3A08828D1D91}"
ProjectSection(SolutionItems) = preProject
	..\contributing.md = ..\contributing.md
	..\license.txt = ..\license.txt
	..\readme.md = ..\readme.md
EndProjectSection
EndProject
Project("{FAE04EC0-301F-11D3-BF4B-00C04F79EFBC}") = "Elasticsearch.Net.VirtualizedCluster", "Auxiliary\Elasticsearch.Net.VirtualizedCluster\Elasticsearch.Net.VirtualizedCluster.csproj", "{BA4C7FC9-13AD-4632-9A51-FAAD376E70BE}"
EndProject
Project("{2150E333-8FDC-42A3-9474-1A3956D46DE8}") = "Examples", "Examples", "{40A4ECFA-F8A7-4560-861E-0B8A1DE1C49D}"
EndProject
Project("{FAE04EC0-301F-11D3-BF4B-00C04F79EFBC}") = "Examples", "Examples\Examples\Examples.csproj", "{27BFE628-6BE9-48E7-891F-E228DBF0E294}"
EndProject
Project("{FAE04EC0-301F-11D3-BF4B-00C04F79EFBC}") = "ExamplesGenerator", "Examples\ExamplesGenerator\ExamplesGenerator.csproj", "{78B04D5D-FBB1-4E4D-B484-45953B9480C8}"
EndProject
Project("{F2A71F9B-5D33-465A-A702-920D77279786}") = "Tests.YamlRunner", "Tests\Tests.YamlRunner\Tests.YamlRunner.fsproj", "{81473437-5722-4829-A5CD-125B17CCA238}"
EndProject
Project("{FAE04EC0-301F-11D3-BF4B-00C04F79EFBC}") = "Jenkins", "..\.ci\Jenkins.csproj", "{5A9C1B95-9280-433E-8D1B-1F5396126166}"
EndProject
Global
	GlobalSection(SolutionConfigurationPlatforms) = preSolution
		Debug|Any CPU = Debug|Any CPU
		Release|Any CPU = Release|Any CPU
	EndGlobalSection
	GlobalSection(SolutionProperties) = preSolution
		HideSolutionNode = FALSE
	EndGlobalSection
	GlobalSection(ExtensibilityGlobals) = postSolution
		SolutionGuid = {B3427E39-0C06-4A56-88E2-DCB730B82785}
	EndGlobalSection
	GlobalSection(NestedProjects) = preSolution
		{56A87048-9065-459B-826D-3DF68B409845} = {93331BEE-0AA0-47B7-B1D2-BD5BD31634D1}
		{98400F59-4BA8-4534-9A78-9C7FA0B42901} = {93331BEE-0AA0-47B7-B1D2-BD5BD31634D1}
		{CDC8DEC8-3872-4337-9C40-9CDE5724BBDD} = {14241027-0A92-466D-B024-E0063F338915}
		{5B393962-7586-49BA-BD99-3B1E35F48E94} = {6C4A2627-AF22-4388-9DF7-7A9AEACFD635}
		{BAA9802A-A664-4DB7-9A34-5FA84BEBDF81} = {6C4A2627-AF22-4388-9DF7-7A9AEACFD635}
		{AC554BF8-8ED9-4C45-BB65-8833219CAC93} = {6C4A2627-AF22-4388-9DF7-7A9AEACFD635}
		{0944B296-9B37-4BFD-89C8-1C9CEAAF1132} = {6C4A2627-AF22-4388-9DF7-7A9AEACFD635}
		{C1B09F39-9492-47AA-98D8-D82EF325079B} = {6C4A2627-AF22-4388-9DF7-7A9AEACFD635}
		{1CBF00F0-C082-4C6F-BF4B-AE41FEE122D7} = {6C4A2627-AF22-4388-9DF7-7A9AEACFD635}
		{30FB80AE-3B37-4FBB-8450-9666969EEE1A} = {6C4A2627-AF22-4388-9DF7-7A9AEACFD635}
		{CE7AC1D4-15AF-47FB-83FA-F7137DFD9076} = {6C4A2627-AF22-4388-9DF7-7A9AEACFD635}
		{EAE89579-CCA9-45CE-AF83-3DCD98690EA8} = {432D5575-2347-4D3C-BF8C-3E38410C46CA}
		{C7865979-1D1C-46AF-BDE8-1DA6F3ED81B3} = {432D5575-2347-4D3C-BF8C-3E38410C46CA}
		{2FABB663-F4DB-499A-89F8-3A08828D1D91} = {432D5575-2347-4D3C-BF8C-3E38410C46CA}
		{BA4C7FC9-13AD-4632-9A51-FAAD376E70BE} = {14241027-0A92-466D-B024-E0063F338915}
		{27BFE628-6BE9-48E7-891F-E228DBF0E294} = {40A4ECFA-F8A7-4560-861E-0B8A1DE1C49D}
		{78B04D5D-FBB1-4E4D-B484-45953B9480C8} = {40A4ECFA-F8A7-4560-861E-0B8A1DE1C49D}
		{81473437-5722-4829-A5CD-125B17CCA238} = {6C4A2627-AF22-4388-9DF7-7A9AEACFD635}
		{5A9C1B95-9280-433E-8D1B-1F5396126166} = {432D5575-2347-4D3C-BF8C-3E38410C46CA}
	EndGlobalSection
	GlobalSection(ProjectConfigurationPlatforms) = postSolution
		{5B393962-7586-49BA-BD99-3B1E35F48E94}.Debug|Any CPU.ActiveCfg = Debug|Any CPU
		{5B393962-7586-49BA-BD99-3B1E35F48E94}.Debug|Any CPU.Build.0 = Debug|Any CPU
		{5B393962-7586-49BA-BD99-3B1E35F48E94}.Release|Any CPU.ActiveCfg = Release|Any CPU
		{5B393962-7586-49BA-BD99-3B1E35F48E94}.Release|Any CPU.Build.0 = Release|Any CPU
		{BAA9802A-A664-4DB7-9A34-5FA84BEBDF81}.Debug|Any CPU.ActiveCfg = Debug|Any CPU
		{BAA9802A-A664-4DB7-9A34-5FA84BEBDF81}.Debug|Any CPU.Build.0 = Debug|Any CPU
		{BAA9802A-A664-4DB7-9A34-5FA84BEBDF81}.Release|Any CPU.ActiveCfg = Release|Any CPU
		{BAA9802A-A664-4DB7-9A34-5FA84BEBDF81}.Release|Any CPU.Build.0 = Release|Any CPU
		{AC554BF8-8ED9-4C45-BB65-8833219CAC93}.Debug|Any CPU.ActiveCfg = Debug|Any CPU
		{AC554BF8-8ED9-4C45-BB65-8833219CAC93}.Debug|Any CPU.Build.0 = Debug|Any CPU
		{AC554BF8-8ED9-4C45-BB65-8833219CAC93}.Release|Any CPU.ActiveCfg = Release|Any CPU
		{AC554BF8-8ED9-4C45-BB65-8833219CAC93}.Release|Any CPU.Build.0 = Release|Any CPU
		{0944B296-9B37-4BFD-89C8-1C9CEAAF1132}.Debug|Any CPU.ActiveCfg = Debug|Any CPU
		{0944B296-9B37-4BFD-89C8-1C9CEAAF1132}.Debug|Any CPU.Build.0 = Debug|Any CPU
		{0944B296-9B37-4BFD-89C8-1C9CEAAF1132}.Release|Any CPU.ActiveCfg = Release|Any CPU
		{0944B296-9B37-4BFD-89C8-1C9CEAAF1132}.Release|Any CPU.Build.0 = Release|Any CPU
		{C1B09F39-9492-47AA-98D8-D82EF325079B}.Debug|Any CPU.ActiveCfg = Debug|Any CPU
		{C1B09F39-9492-47AA-98D8-D82EF325079B}.Debug|Any CPU.Build.0 = Debug|Any CPU
		{C1B09F39-9492-47AA-98D8-D82EF325079B}.Release|Any CPU.ActiveCfg = Release|Any CPU
		{C1B09F39-9492-47AA-98D8-D82EF325079B}.Release|Any CPU.Build.0 = Release|Any CPU
		{1CBF00F0-C082-4C6F-BF4B-AE41FEE122D7}.Debug|Any CPU.ActiveCfg = Debug|Any CPU
		{1CBF00F0-C082-4C6F-BF4B-AE41FEE122D7}.Debug|Any CPU.Build.0 = Debug|Any CPU
		{1CBF00F0-C082-4C6F-BF4B-AE41FEE122D7}.Release|Any CPU.ActiveCfg = Release|Any CPU
		{1CBF00F0-C082-4C6F-BF4B-AE41FEE122D7}.Release|Any CPU.Build.0 = Release|Any CPU
		{30FB80AE-3B37-4FBB-8450-9666969EEE1A}.Debug|Any CPU.ActiveCfg = Debug|Any CPU
		{30FB80AE-3B37-4FBB-8450-9666969EEE1A}.Debug|Any CPU.Build.0 = Debug|Any CPU
		{30FB80AE-3B37-4FBB-8450-9666969EEE1A}.Release|Any CPU.ActiveCfg = Release|Any CPU
		{30FB80AE-3B37-4FBB-8450-9666969EEE1A}.Release|Any CPU.Build.0 = Release|Any CPU
		{CE7AC1D4-15AF-47FB-83FA-F7137DFD9076}.Debug|Any CPU.ActiveCfg = Debug|Any CPU
		{CE7AC1D4-15AF-47FB-83FA-F7137DFD9076}.Debug|Any CPU.Build.0 = Debug|Any CPU
		{CE7AC1D4-15AF-47FB-83FA-F7137DFD9076}.Release|Any CPU.ActiveCfg = Release|Any CPU
		{CE7AC1D4-15AF-47FB-83FA-F7137DFD9076}.Release|Any CPU.Build.0 = Release|Any CPU
		{56A87048-9065-459B-826D-3DF68B409845}.Debug|Any CPU.ActiveCfg = Debug|Any CPU
		{56A87048-9065-459B-826D-3DF68B409845}.Debug|Any CPU.Build.0 = Debug|Any CPU
		{56A87048-9065-459B-826D-3DF68B409845}.Release|Any CPU.ActiveCfg = Release|Any CPU
		{56A87048-9065-459B-826D-3DF68B409845}.Release|Any CPU.Build.0 = Release|Any CPU
		{98400F59-4BA8-4534-9A78-9C7FA0B42901}.Debug|Any CPU.ActiveCfg = Debug|Any CPU
		{98400F59-4BA8-4534-9A78-9C7FA0B42901}.Debug|Any CPU.Build.0 = Debug|Any CPU
		{98400F59-4BA8-4534-9A78-9C7FA0B42901}.Release|Any CPU.ActiveCfg = Release|Any CPU
		{98400F59-4BA8-4534-9A78-9C7FA0B42901}.Release|Any CPU.Build.0 = Release|Any CPU
		{E97CCF40-0BA6-43FE-9F2D-58D454134088}.Debug|Any CPU.ActiveCfg = Debug|Any CPU
		{E97CCF40-0BA6-43FE-9F2D-58D454134088}.Debug|Any CPU.Build.0 = Debug|Any CPU
		{E97CCF40-0BA6-43FE-9F2D-58D454134088}.Release|Any CPU.ActiveCfg = Release|Any CPU
		{E97CCF40-0BA6-43FE-9F2D-58D454134088}.Release|Any CPU.Build.0 = Release|Any CPU
		{072BA7DA-7B60-407D-8B6E-95E3186BE70C}.Debug|Any CPU.ActiveCfg = Debug|Any CPU
		{072BA7DA-7B60-407D-8B6E-95E3186BE70C}.Debug|Any CPU.Build.0 = Debug|Any CPU
		{072BA7DA-7B60-407D-8B6E-95E3186BE70C}.Release|Any CPU.ActiveCfg = Release|Any CPU
		{072BA7DA-7B60-407D-8B6E-95E3186BE70C}.Release|Any CPU.Build.0 = Release|Any CPU
		{CDC8DEC8-3872-4337-9C40-9CDE5724BBDD}.Debug|Any CPU.ActiveCfg = Debug|Any CPU
		{CDC8DEC8-3872-4337-9C40-9CDE5724BBDD}.Release|Any CPU.ActiveCfg = Release|Any CPU
		{CDC8DEC8-3872-4337-9C40-9CDE5724BBDD}.Release|Any CPU.Build.0 = Release|Any CPU
		{CDC8DEC8-3872-4337-9C40-9CDE5724BBDD}.Debug|Any CPU.Build.0 = Debug|Any CPU
		{D6997ADC-E933-418E-831C-DE1A78897493}.Debug|Any CPU.ActiveCfg = Debug|Any CPU
		{D6997ADC-E933-418E-831C-DE1A78897493}.Release|Any CPU.ActiveCfg = Release|Any CPU
		{D6997ADC-E933-418E-831C-DE1A78897493}.Debug|Any CPU.Build.0 = Debug|Any CPU
		{D6997ADC-E933-418E-831C-DE1A78897493}.Release|Any CPU.Build.0 = Release|Any CPU
		{BA4C7FC9-13AD-4632-9A51-FAAD376E70BE}.Debug|Any CPU.ActiveCfg = Debug|Any CPU
		{BA4C7FC9-13AD-4632-9A51-FAAD376E70BE}.Debug|Any CPU.Build.0 = Debug|Any CPU
		{BA4C7FC9-13AD-4632-9A51-FAAD376E70BE}.Release|Any CPU.ActiveCfg = Release|Any CPU
		{BA4C7FC9-13AD-4632-9A51-FAAD376E70BE}.Release|Any CPU.Build.0 = Release|Any CPU
		{27BFE628-6BE9-48E7-891F-E228DBF0E294}.Debug|Any CPU.ActiveCfg = Debug|Any CPU
		{27BFE628-6BE9-48E7-891F-E228DBF0E294}.Debug|Any CPU.Build.0 = Debug|Any CPU
		{27BFE628-6BE9-48E7-891F-E228DBF0E294}.Release|Any CPU.ActiveCfg = Release|Any CPU
		{27BFE628-6BE9-48E7-891F-E228DBF0E294}.Release|Any CPU.Build.0 = Release|Any CPU
		{78B04D5D-FBB1-4E4D-B484-45953B9480C8}.Debug|Any CPU.ActiveCfg = Debug|Any CPU
		{78B04D5D-FBB1-4E4D-B484-45953B9480C8}.Debug|Any CPU.Build.0 = Debug|Any CPU
		{78B04D5D-FBB1-4E4D-B484-45953B9480C8}.Release|Any CPU.ActiveCfg = Release|Any CPU
		{78B04D5D-FBB1-4E4D-B484-45953B9480C8}.Release|Any CPU.Build.0 = Release|Any CPU
		{81473437-5722-4829-A5CD-125B17CCA238}.Debug|Any CPU.ActiveCfg = Debug|Any CPU
		{81473437-5722-4829-A5CD-125B17CCA238}.Debug|Any CPU.Build.0 = Debug|Any CPU
		{81473437-5722-4829-A5CD-125B17CCA238}.Release|Any CPU.ActiveCfg = Release|Any CPU
		{81473437-5722-4829-A5CD-125B17CCA238}.Release|Any CPU.Build.0 = Release|Any CPU
		{5A9C1B95-9280-433E-8D1B-1F5396126166}.Debug|Any CPU.ActiveCfg = Debug|Any CPU
		{5A9C1B95-9280-433E-8D1B-1F5396126166}.Debug|Any CPU.Build.0 = Debug|Any CPU
		{5A9C1B95-9280-433E-8D1B-1F5396126166}.Release|Any CPU.ActiveCfg = Release|Any CPU
		{5A9C1B95-9280-433E-8D1B-1F5396126166}.Release|Any CPU.Build.0 = Release|Any CPU
	EndGlobalSection
EndGlobal
