Microsoft Visual Studio Solution File, Format Version 12.00
# Visual Studio 2013
VisualStudioVersion = 12.0.30110.0
MinimumVisualStudioVersion = 10.0.40219.1
Project("{FAE04EC0-301F-11D3-BF4B-00C04F79EFBC}") = "Nest", "Nest\Nest.csproj", "{072BA7DA-7B60-407D-8B6E-95E3186BE70C}"
EndProject
Project("{FAE04EC0-301F-11D3-BF4B-00C04F79EFBC}") = "Nest.Tests.Integration", "Tests\Nest.Tests.Integration\Nest.Tests.Integration.csproj", "{9E38CD2C-EEFD-4C82-B0CD-D0608C27D64F}"
EndProject
Project("{2150E333-8FDC-42A3-9474-1A3956D46DE8}") = "_Notes", "_Notes", "{E30CA256-C9A8-487A-94B7-D6B79D70F774}"
	ProjectSection(SolutionItems) = preProject
		license.txt = license.txt
		..\README.markdown = ..\README.markdown
	EndProjectSection
EndProject
Project("{FAE04EC0-301F-11D3-BF4B-00C04F79EFBC}") = "Nest.Tests.MockData", "Tests\Nest.Tests.MockData\Nest.Tests.MockData.csproj", "{27143A05-5655-447C-ADAF-405E1CF43741}"
EndProject
Project("{2150E333-8FDC-42A3-9474-1A3956D46DE8}") = "Profiler", "Profiler", "{DDC38E1C-13BF-4C96-A3BF-60F14DFC5069}"
EndProject
Project("{FAE04EC0-301F-11D3-BF4B-00C04F79EFBC}") = "Nest.Connection.Thrift", "Nest.Connection.Thrift\Nest.Connection.Thrift.csproj", "{704EF910-C4E7-413E-B21F-296EFE732FCF}"
EndProject
Project("{2150E333-8FDC-42A3-9474-1A3956D46DE8}") = "_Build", "_Build", "{432D5575-2347-4D3C-BF8C-3E38410C46CA}"
	ProjectSection(SolutionItems) = preProject
		..\.editorconfig = ..\.editorconfig
		..\.gitignore = ..\.gitignore
		..\build\Nest.Connection.Thrift.nuspec = ..\build\Nest.Connection.Thrift.nuspec
		..\build\NEST.nuspec = ..\build\NEST.nuspec
		..\build\NESTBuild.proj = ..\build\NESTBuild.proj
	EndProjectSection
EndProject
Project("{FAE04EC0-301F-11D3-BF4B-00C04F79EFBC}") = "Nest.Tests.Unit", "Tests\Nest.Tests.Unit\Nest.Tests.Unit.csproj", "{97408393-78AC-45DF-BE6E-4C219A2E456D}"
EndProject
Project("{FAE04EC0-301F-11D3-BF4B-00C04F79EFBC}") = "Profiling.Indexing", "Profiling\Profiling.Indexing\Profiling.Indexing.csproj", "{B9FE4875-0171-40F7-A357-064A93BE09C6}"
EndProject
Project("{2150E333-8FDC-42A3-9474-1A3956D46DE8}") = "Tests", "Tests", "{C7EA82B9-4C4A-4F68-ACD1-0D1A765BA98C}"
EndProject
Project("{2150E333-8FDC-42A3-9474-1A3956D46DE8}") = "Code Generation", "Code Generation", "{93331BEE-0AA0-47B7-B1D2-BD5BD31634D1}"
EndProject
Project("{FAE04EC0-301F-11D3-BF4B-00C04F79EFBC}") = "CodeGeneration.LowLevelClient", "CodeGeneration\CodeGeneration.LowLevelClient\CodeGeneration.LowLevelClient.csproj", "{56A87048-9065-459B-826D-3DF68B409845}"
EndProject
Project("{FAE04EC0-301F-11D3-BF4B-00C04F79EFBC}") = "Profiling.InMemoryConnection", "Profiling\Profiling.InMemoryConnection\Profiling.InMemoryConnection.csproj", "{733A7657-69E9-444A-8AC0-BC123127A59A}"
EndProject
Project("{FAE04EC0-301F-11D3-BF4B-00C04F79EFBC}") = "Nest.Tests.Integration.Yaml", "Tests\Nest.Tests.Integration.Yaml\Nest.Tests.Integration.Yaml.csproj", "{E97EEFA7-BDAB-4417-97C0-14F971044C57}"
EndProject
Project("{FAE04EC0-301F-11D3-BF4B-00C04F79EFBC}") = "CodeGeneration.YamlTestsRunner", "CodeGeneration\CodeGeneration.YamlTestsRunner\CodeGeneration.YamlTestsRunner.csproj", "{04F53AA5-6346-4139-94CF-81BD8663875F}"
EndProject
Project("{FAE04EC0-301F-11D3-BF4B-00C04F79EFBC}") = "Elasticsearch.Net", "Elasticsearch.Net\Elasticsearch.Net.csproj", "{E97CCF40-0BA6-43FE-9F2D-58D454134088}"
EndProject
Global
	GlobalSection(SolutionConfigurationPlatforms) = preSolution
		CodeGeneration|Any CPU = CodeGeneration|Any CPU
		CodeGeneration|Mixed Platforms = CodeGeneration|Mixed Platforms
		CodeGeneration|x86 = CodeGeneration|x86
		Debug|Any CPU = Debug|Any CPU
		Debug|Mixed Platforms = Debug|Mixed Platforms
		Debug|x86 = Debug|x86
		Release|Any CPU = Release|Any CPU
		Release|Mixed Platforms = Release|Mixed Platforms
		Release|x86 = Release|x86
	EndGlobalSection
	GlobalSection(ProjectConfigurationPlatforms) = postSolution
		{072BA7DA-7B60-407D-8B6E-95E3186BE70C}.CodeGeneration|Any CPU.ActiveCfg = Release|Any CPU
		{072BA7DA-7B60-407D-8B6E-95E3186BE70C}.CodeGeneration|Any CPU.Build.0 = Release|Any CPU
		{072BA7DA-7B60-407D-8B6E-95E3186BE70C}.CodeGeneration|Mixed Platforms.ActiveCfg = Debug|Any CPU
		{072BA7DA-7B60-407D-8B6E-95E3186BE70C}.CodeGeneration|x86.ActiveCfg = Release|Any CPU
		{072BA7DA-7B60-407D-8B6E-95E3186BE70C}.Debug|Any CPU.ActiveCfg = Debug|Any CPU
		{072BA7DA-7B60-407D-8B6E-95E3186BE70C}.Debug|Any CPU.Build.0 = Debug|Any CPU
		{072BA7DA-7B60-407D-8B6E-95E3186BE70C}.Debug|Mixed Platforms.ActiveCfg = Debug|Any CPU
		{072BA7DA-7B60-407D-8B6E-95E3186BE70C}.Debug|Mixed Platforms.Build.0 = Debug|Any CPU
		{072BA7DA-7B60-407D-8B6E-95E3186BE70C}.Debug|x86.ActiveCfg = Debug|Any CPU
		{072BA7DA-7B60-407D-8B6E-95E3186BE70C}.Release|Any CPU.ActiveCfg = Release|Any CPU
		{072BA7DA-7B60-407D-8B6E-95E3186BE70C}.Release|Any CPU.Build.0 = Release|Any CPU
		{072BA7DA-7B60-407D-8B6E-95E3186BE70C}.Release|Mixed Platforms.ActiveCfg = Release|Any CPU
		{072BA7DA-7B60-407D-8B6E-95E3186BE70C}.Release|Mixed Platforms.Build.0 = Release|Any CPU
		{072BA7DA-7B60-407D-8B6E-95E3186BE70C}.Release|x86.ActiveCfg = Release|Any CPU
		{9E38CD2C-EEFD-4C82-B0CD-D0608C27D64F}.CodeGeneration|Any CPU.ActiveCfg = Release|Any CPU
		{9E38CD2C-EEFD-4C82-B0CD-D0608C27D64F}.CodeGeneration|Any CPU.Build.0 = Release|Any CPU
		{9E38CD2C-EEFD-4C82-B0CD-D0608C27D64F}.CodeGeneration|Mixed Platforms.ActiveCfg = Release|Any CPU
		{9E38CD2C-EEFD-4C82-B0CD-D0608C27D64F}.CodeGeneration|x86.ActiveCfg = Release|Any CPU
		{9E38CD2C-EEFD-4C82-B0CD-D0608C27D64F}.Debug|Any CPU.ActiveCfg = Debug|Any CPU
		{9E38CD2C-EEFD-4C82-B0CD-D0608C27D64F}.Debug|Any CPU.Build.0 = Debug|Any CPU
		{9E38CD2C-EEFD-4C82-B0CD-D0608C27D64F}.Debug|Mixed Platforms.ActiveCfg = Debug|Any CPU
		{9E38CD2C-EEFD-4C82-B0CD-D0608C27D64F}.Debug|Mixed Platforms.Build.0 = Debug|Any CPU
		{9E38CD2C-EEFD-4C82-B0CD-D0608C27D64F}.Debug|x86.ActiveCfg = Debug|Any CPU
		{9E38CD2C-EEFD-4C82-B0CD-D0608C27D64F}.Release|Any CPU.ActiveCfg = Release|Any CPU
		{9E38CD2C-EEFD-4C82-B0CD-D0608C27D64F}.Release|Any CPU.Build.0 = Release|Any CPU
		{9E38CD2C-EEFD-4C82-B0CD-D0608C27D64F}.Release|Mixed Platforms.ActiveCfg = Release|Any CPU
		{9E38CD2C-EEFD-4C82-B0CD-D0608C27D64F}.Release|Mixed Platforms.Build.0 = Release|Any CPU
		{9E38CD2C-EEFD-4C82-B0CD-D0608C27D64F}.Release|x86.ActiveCfg = Release|Any CPU
		{27143A05-5655-447C-ADAF-405E1CF43741}.CodeGeneration|Any CPU.ActiveCfg = Release|Any CPU
		{27143A05-5655-447C-ADAF-405E1CF43741}.CodeGeneration|Any CPU.Build.0 = Release|Any CPU
		{27143A05-5655-447C-ADAF-405E1CF43741}.CodeGeneration|Mixed Platforms.ActiveCfg = Release|Any CPU
		{27143A05-5655-447C-ADAF-405E1CF43741}.CodeGeneration|x86.ActiveCfg = Release|Any CPU
		{27143A05-5655-447C-ADAF-405E1CF43741}.Debug|Any CPU.ActiveCfg = Debug|Any CPU
		{27143A05-5655-447C-ADAF-405E1CF43741}.Debug|Any CPU.Build.0 = Debug|Any CPU
		{27143A05-5655-447C-ADAF-405E1CF43741}.Debug|Mixed Platforms.ActiveCfg = Debug|Any CPU
		{27143A05-5655-447C-ADAF-405E1CF43741}.Debug|Mixed Platforms.Build.0 = Debug|Any CPU
		{27143A05-5655-447C-ADAF-405E1CF43741}.Debug|x86.ActiveCfg = Debug|Any CPU
		{27143A05-5655-447C-ADAF-405E1CF43741}.Release|Any CPU.ActiveCfg = Release|Any CPU
		{27143A05-5655-447C-ADAF-405E1CF43741}.Release|Any CPU.Build.0 = Release|Any CPU
		{27143A05-5655-447C-ADAF-405E1CF43741}.Release|Mixed Platforms.ActiveCfg = Release|Any CPU
		{27143A05-5655-447C-ADAF-405E1CF43741}.Release|Mixed Platforms.Build.0 = Release|Any CPU
		{27143A05-5655-447C-ADAF-405E1CF43741}.Release|x86.ActiveCfg = Release|Any CPU
		{704EF910-C4E7-413E-B21F-296EFE732FCF}.CodeGeneration|Any CPU.ActiveCfg = Release|Any CPU
		{704EF910-C4E7-413E-B21F-296EFE732FCF}.CodeGeneration|Any CPU.Build.0 = Release|Any CPU
		{704EF910-C4E7-413E-B21F-296EFE732FCF}.CodeGeneration|Mixed Platforms.ActiveCfg = Release|Any CPU
		{704EF910-C4E7-413E-B21F-296EFE732FCF}.CodeGeneration|x86.ActiveCfg = Release|Any CPU
		{704EF910-C4E7-413E-B21F-296EFE732FCF}.Debug|Any CPU.ActiveCfg = Debug|Any CPU
		{704EF910-C4E7-413E-B21F-296EFE732FCF}.Debug|Any CPU.Build.0 = Debug|Any CPU
		{704EF910-C4E7-413E-B21F-296EFE732FCF}.Debug|Mixed Platforms.ActiveCfg = Debug|Any CPU
		{704EF910-C4E7-413E-B21F-296EFE732FCF}.Debug|Mixed Platforms.Build.0 = Debug|Any CPU
		{704EF910-C4E7-413E-B21F-296EFE732FCF}.Debug|x86.ActiveCfg = Debug|Any CPU
		{704EF910-C4E7-413E-B21F-296EFE732FCF}.Release|Any CPU.ActiveCfg = Release|Any CPU
		{704EF910-C4E7-413E-B21F-296EFE732FCF}.Release|Any CPU.Build.0 = Release|Any CPU
		{704EF910-C4E7-413E-B21F-296EFE732FCF}.Release|Mixed Platforms.ActiveCfg = Release|Any CPU
		{704EF910-C4E7-413E-B21F-296EFE732FCF}.Release|Mixed Platforms.Build.0 = Release|Any CPU
		{704EF910-C4E7-413E-B21F-296EFE732FCF}.Release|x86.ActiveCfg = Release|Any CPU
		{97408393-78AC-45DF-BE6E-4C219A2E456D}.CodeGeneration|Any CPU.ActiveCfg = Release|Any CPU
		{97408393-78AC-45DF-BE6E-4C219A2E456D}.CodeGeneration|Any CPU.Build.0 = Release|Any CPU
		{97408393-78AC-45DF-BE6E-4C219A2E456D}.CodeGeneration|Mixed Platforms.ActiveCfg = Release|Any CPU
		{97408393-78AC-45DF-BE6E-4C219A2E456D}.CodeGeneration|x86.ActiveCfg = Release|Any CPU
		{97408393-78AC-45DF-BE6E-4C219A2E456D}.Debug|Any CPU.ActiveCfg = Debug|Any CPU
		{97408393-78AC-45DF-BE6E-4C219A2E456D}.Debug|Any CPU.Build.0 = Debug|Any CPU
		{97408393-78AC-45DF-BE6E-4C219A2E456D}.Debug|Mixed Platforms.ActiveCfg = Debug|Any CPU
		{97408393-78AC-45DF-BE6E-4C219A2E456D}.Debug|Mixed Platforms.Build.0 = Debug|Any CPU
		{97408393-78AC-45DF-BE6E-4C219A2E456D}.Debug|x86.ActiveCfg = Debug|Any CPU
		{97408393-78AC-45DF-BE6E-4C219A2E456D}.Release|Any CPU.ActiveCfg = Release|Any CPU
		{97408393-78AC-45DF-BE6E-4C219A2E456D}.Release|Any CPU.Build.0 = Release|Any CPU
		{97408393-78AC-45DF-BE6E-4C219A2E456D}.Release|Mixed Platforms.ActiveCfg = Release|Any CPU
		{97408393-78AC-45DF-BE6E-4C219A2E456D}.Release|Mixed Platforms.Build.0 = Release|Any CPU
		{97408393-78AC-45DF-BE6E-4C219A2E456D}.Release|x86.ActiveCfg = Release|Any CPU
		{B9FE4875-0171-40F7-A357-064A93BE09C6}.CodeGeneration|Any CPU.ActiveCfg = Release|Any CPU
		{B9FE4875-0171-40F7-A357-064A93BE09C6}.CodeGeneration|Any CPU.Build.0 = Release|Any CPU
		{B9FE4875-0171-40F7-A357-064A93BE09C6}.CodeGeneration|Mixed Platforms.ActiveCfg = Release|Any CPU
		{B9FE4875-0171-40F7-A357-064A93BE09C6}.CodeGeneration|x86.ActiveCfg = Release|Any CPU
		{B9FE4875-0171-40F7-A357-064A93BE09C6}.Debug|Any CPU.ActiveCfg = Debug|Any CPU
		{B9FE4875-0171-40F7-A357-064A93BE09C6}.Debug|Any CPU.Build.0 = Debug|Any CPU
		{B9FE4875-0171-40F7-A357-064A93BE09C6}.Debug|Mixed Platforms.ActiveCfg = Debug|Any CPU
		{B9FE4875-0171-40F7-A357-064A93BE09C6}.Debug|Mixed Platforms.Build.0 = Debug|Any CPU
		{B9FE4875-0171-40F7-A357-064A93BE09C6}.Debug|x86.ActiveCfg = Debug|Any CPU
		{B9FE4875-0171-40F7-A357-064A93BE09C6}.Release|Any CPU.ActiveCfg = Release|Any CPU
		{B9FE4875-0171-40F7-A357-064A93BE09C6}.Release|Any CPU.Build.0 = Release|Any CPU
		{B9FE4875-0171-40F7-A357-064A93BE09C6}.Release|Mixed Platforms.ActiveCfg = Release|Any CPU
		{B9FE4875-0171-40F7-A357-064A93BE09C6}.Release|Mixed Platforms.Build.0 = Release|Any CPU
		{B9FE4875-0171-40F7-A357-064A93BE09C6}.Release|x86.ActiveCfg = Release|Any CPU
		{56A87048-9065-459B-826D-3DF68B409845}.CodeGeneration|Any CPU.ActiveCfg = Release|Any CPU
		{56A87048-9065-459B-826D-3DF68B409845}.CodeGeneration|Any CPU.Build.0 = Release|Any CPU
		{56A87048-9065-459B-826D-3DF68B409845}.CodeGeneration|Mixed Platforms.ActiveCfg = Debug|Any CPU
		{56A87048-9065-459B-826D-3DF68B409845}.CodeGeneration|Mixed Platforms.Build.0 = Debug|Any CPU
		{56A87048-9065-459B-826D-3DF68B409845}.CodeGeneration|x86.ActiveCfg = Release|Any CPU
		{56A87048-9065-459B-826D-3DF68B409845}.Debug|Any CPU.ActiveCfg = Debug|Any CPU
		{56A87048-9065-459B-826D-3DF68B409845}.Debug|Any CPU.Build.0 = Debug|Any CPU
		{56A87048-9065-459B-826D-3DF68B409845}.Debug|Mixed Platforms.ActiveCfg = Debug|Any CPU
		{56A87048-9065-459B-826D-3DF68B409845}.Debug|Mixed Platforms.Build.0 = Debug|Any CPU
		{56A87048-9065-459B-826D-3DF68B409845}.Debug|x86.ActiveCfg = Debug|Any CPU
		{56A87048-9065-459B-826D-3DF68B409845}.Release|Any CPU.ActiveCfg = Release|Any CPU
		{56A87048-9065-459B-826D-3DF68B409845}.Release|Any CPU.Build.0 = Release|Any CPU
		{56A87048-9065-459B-826D-3DF68B409845}.Release|Mixed Platforms.ActiveCfg = Release|Any CPU
		{56A87048-9065-459B-826D-3DF68B409845}.Release|Mixed Platforms.Build.0 = Release|Any CPU
		{56A87048-9065-459B-826D-3DF68B409845}.Release|x86.ActiveCfg = Release|Any CPU
		{733A7657-69E9-444A-8AC0-BC123127A59A}.CodeGeneration|Any CPU.ActiveCfg = Release|Any CPU
		{733A7657-69E9-444A-8AC0-BC123127A59A}.CodeGeneration|Any CPU.Build.0 = Release|Any CPU
		{733A7657-69E9-444A-8AC0-BC123127A59A}.CodeGeneration|Mixed Platforms.ActiveCfg = Release|Any CPU
		{733A7657-69E9-444A-8AC0-BC123127A59A}.CodeGeneration|x86.ActiveCfg = Release|Any CPU
		{733A7657-69E9-444A-8AC0-BC123127A59A}.Debug|Any CPU.ActiveCfg = Debug|Any CPU
		{733A7657-69E9-444A-8AC0-BC123127A59A}.Debug|Any CPU.Build.0 = Debug|Any CPU
		{733A7657-69E9-444A-8AC0-BC123127A59A}.Debug|Mixed Platforms.ActiveCfg = Debug|Any CPU
		{733A7657-69E9-444A-8AC0-BC123127A59A}.Debug|Mixed Platforms.Build.0 = Debug|Any CPU
		{733A7657-69E9-444A-8AC0-BC123127A59A}.Debug|x86.ActiveCfg = Debug|Any CPU
		{733A7657-69E9-444A-8AC0-BC123127A59A}.Release|Any CPU.ActiveCfg = Release|Any CPU
		{733A7657-69E9-444A-8AC0-BC123127A59A}.Release|Any CPU.Build.0 = Release|Any CPU
		{733A7657-69E9-444A-8AC0-BC123127A59A}.Release|Mixed Platforms.ActiveCfg = Release|Any CPU
		{733A7657-69E9-444A-8AC0-BC123127A59A}.Release|Mixed Platforms.Build.0 = Release|Any CPU
		{733A7657-69E9-444A-8AC0-BC123127A59A}.Release|x86.ActiveCfg = Release|Any CPU
		{E97EEFA7-BDAB-4417-97C0-14F971044C57}.CodeGeneration|Any CPU.ActiveCfg = Release|Any CPU
		{E97EEFA7-BDAB-4417-97C0-14F971044C57}.CodeGeneration|Any CPU.Build.0 = Release|Any CPU
		{E97EEFA7-BDAB-4417-97C0-14F971044C57}.CodeGeneration|Mixed Platforms.ActiveCfg = Release|Any CPU
		{E97EEFA7-BDAB-4417-97C0-14F971044C57}.CodeGeneration|x86.ActiveCfg = Release|Any CPU
		{E97EEFA7-BDAB-4417-97C0-14F971044C57}.Debug|Any CPU.ActiveCfg = Debug|Any CPU
		{E97EEFA7-BDAB-4417-97C0-14F971044C57}.Debug|Any CPU.Build.0 = Debug|Any CPU
		{E97EEFA7-BDAB-4417-97C0-14F971044C57}.Debug|Mixed Platforms.ActiveCfg = Debug|Any CPU
		{E97EEFA7-BDAB-4417-97C0-14F971044C57}.Debug|Mixed Platforms.Build.0 = Debug|Any CPU
		{E97EEFA7-BDAB-4417-97C0-14F971044C57}.Debug|x86.ActiveCfg = Debug|Any CPU
		{E97EEFA7-BDAB-4417-97C0-14F971044C57}.Release|Any CPU.ActiveCfg = Release|Any CPU
		{E97EEFA7-BDAB-4417-97C0-14F971044C57}.Release|Any CPU.Build.0 = Release|Any CPU
		{E97EEFA7-BDAB-4417-97C0-14F971044C57}.Release|Mixed Platforms.ActiveCfg = Release|Any CPU
		{E97EEFA7-BDAB-4417-97C0-14F971044C57}.Release|Mixed Platforms.Build.0 = Release|Any CPU
		{E97EEFA7-BDAB-4417-97C0-14F971044C57}.Release|x86.ActiveCfg = Release|Any CPU
		{04F53AA5-6346-4139-94CF-81BD8663875F}.CodeGeneration|Any CPU.ActiveCfg = Release|Any CPU
		{04F53AA5-6346-4139-94CF-81BD8663875F}.CodeGeneration|Any CPU.Build.0 = Release|Any CPU
		{04F53AA5-6346-4139-94CF-81BD8663875F}.CodeGeneration|Mixed Platforms.ActiveCfg = Debug|Any CPU
		{04F53AA5-6346-4139-94CF-81BD8663875F}.CodeGeneration|Mixed Platforms.Build.0 = Debug|Any CPU
		{04F53AA5-6346-4139-94CF-81BD8663875F}.CodeGeneration|x86.ActiveCfg = Release|Any CPU
		{04F53AA5-6346-4139-94CF-81BD8663875F}.Debug|Any CPU.ActiveCfg = Debug|Any CPU
		{04F53AA5-6346-4139-94CF-81BD8663875F}.Debug|Any CPU.Build.0 = Debug|Any CPU
		{04F53AA5-6346-4139-94CF-81BD8663875F}.Debug|Mixed Platforms.ActiveCfg = Debug|Any CPU
		{04F53AA5-6346-4139-94CF-81BD8663875F}.Debug|Mixed Platforms.Build.0 = Debug|Any CPU
		{04F53AA5-6346-4139-94CF-81BD8663875F}.Debug|x86.ActiveCfg = Debug|Any CPU
		{04F53AA5-6346-4139-94CF-81BD8663875F}.Release|Any CPU.ActiveCfg = Release|Any CPU
		{04F53AA5-6346-4139-94CF-81BD8663875F}.Release|Any CPU.Build.0 = Release|Any CPU
		{04F53AA5-6346-4139-94CF-81BD8663875F}.Release|Mixed Platforms.ActiveCfg = Release|Any CPU
		{04F53AA5-6346-4139-94CF-81BD8663875F}.Release|Mixed Platforms.Build.0 = Release|Any CPU
		{04F53AA5-6346-4139-94CF-81BD8663875F}.Release|x86.ActiveCfg = Release|Any CPU
		{E97CCF40-0BA6-43FE-9F2D-58D454134088}.CodeGeneration|Any CPU.ActiveCfg = Release|Any CPU
		{E97CCF40-0BA6-43FE-9F2D-58D454134088}.CodeGeneration|Any CPU.Build.0 = Release|Any CPU
		{E97CCF40-0BA6-43FE-9F2D-58D454134088}.CodeGeneration|Mixed Platforms.ActiveCfg = Release|Any CPU
		{E97CCF40-0BA6-43FE-9F2D-58D454134088}.CodeGeneration|Mixed Platforms.Build.0 = Release|Any CPU
		{E97CCF40-0BA6-43FE-9F2D-58D454134088}.CodeGeneration|x86.ActiveCfg = Release|Any CPU
		{E97CCF40-0BA6-43FE-9F2D-58D454134088}.Debug|Any CPU.ActiveCfg = Debug|Any CPU
		{E97CCF40-0BA6-43FE-9F2D-58D454134088}.Debug|Any CPU.Build.0 = Debug|Any CPU
		{E97CCF40-0BA6-43FE-9F2D-58D454134088}.Debug|Mixed Platforms.ActiveCfg = Debug|Any CPU
		{E97CCF40-0BA6-43FE-9F2D-58D454134088}.Debug|Mixed Platforms.Build.0 = Debug|Any CPU
		{E97CCF40-0BA6-43FE-9F2D-58D454134088}.Debug|x86.ActiveCfg = Debug|Any CPU
		{E97CCF40-0BA6-43FE-9F2D-58D454134088}.Release|Any CPU.ActiveCfg = Release|Any CPU
		{E97CCF40-0BA6-43FE-9F2D-58D454134088}.Release|Any CPU.Build.0 = Release|Any CPU
		{E97CCF40-0BA6-43FE-9F2D-58D454134088}.Release|Mixed Platforms.ActiveCfg = Release|Any CPU
		{E97CCF40-0BA6-43FE-9F2D-58D454134088}.Release|Mixed Platforms.Build.0 = Release|Any CPU
		{E97CCF40-0BA6-43FE-9F2D-58D454134088}.Release|x86.ActiveCfg = Release|Any CPU
	EndGlobalSection
	GlobalSection(SolutionProperties) = preSolution
		HideSolutionNode = FALSE
	EndGlobalSection
	GlobalSection(NestedProjects) = preSolution
		{27143A05-5655-447C-ADAF-405E1CF43741} = {C7EA82B9-4C4A-4F68-ACD1-0D1A765BA98C}
		{97408393-78AC-45DF-BE6E-4C219A2E456D} = {C7EA82B9-4C4A-4F68-ACD1-0D1A765BA98C}
		{9E38CD2C-EEFD-4C82-B0CD-D0608C27D64F} = {C7EA82B9-4C4A-4F68-ACD1-0D1A765BA98C}
		{E97EEFA7-BDAB-4417-97C0-14F971044C57} = {C7EA82B9-4C4A-4F68-ACD1-0D1A765BA98C}
		{B9FE4875-0171-40F7-A357-064A93BE09C6} = {DDC38E1C-13BF-4C96-A3BF-60F14DFC5069}
		{733A7657-69E9-444A-8AC0-BC123127A59A} = {DDC38E1C-13BF-4C96-A3BF-60F14DFC5069}
		{56A87048-9065-459B-826D-3DF68B409845} = {93331BEE-0AA0-47B7-B1D2-BD5BD31634D1}
		{04F53AA5-6346-4139-94CF-81BD8663875F} = {93331BEE-0AA0-47B7-B1D2-BD5BD31634D1}
	EndGlobalSection
	GlobalSection(MonoDevelopProperties) = preSolution
		StartupItem = ElasticSearch.ConsolePlayground\ElasticSearch.ConsolePlayground.csproj
	EndGlobalSection
EndGlobal
